{
  "object": {
    "pins": [
      {
        "package": "Alamofire",
        "repositoryURL": "https://github.com/Alamofire/Alamofire.git",
        "state": {
          "branch": null,
          "revision": "61a780f3b58ee0d2bb76fdb7b89dbc9751d521d7",
          "version": "4.7.3"
        }
      },
      {
        "package": "Crust",
        "repositoryURL": "https://github.com/rexmas/Crust.git",
        "state": {
          "branch": null,
          "revision": "758c31f12fcc0708d7ee4b3ead365d23a97be73c",
          "version": "0.9.2"
        }
      },
      {
        "package": "JSONValue",
        "repositoryURL": "https://github.com/rexmas/JSONValue.git",
        "state": {
          "branch": null,
          "revision": "11acb8d6dc9726e7fb31864dac614cc29f865367",
          "version": "4.0.2"
        }
      }
    ]
  },
  "version": 1
}
