{
  "object": {
    "pins": [
      {
        "package": "Alamofire",
        "repositoryURL": "https://github.com/Alamofire/Alamofire.git",
        "state": {
          "branch": null,
          "revision": "75bba56748359f297a83f620d45f72cf4ebee4e7",
          "version": "4.8.2"
        }
      },
      {
        "package": "Crust",
        "repositoryURL": "https://github.com/rexmas/Crust.git",
        "state": {
          "branch": null,
          "revision": "15f694ad4521ae9da128de4fff9f4c648104b320",
          "version": "0.11.0"
        }
      },
      {
        "package": "JSONValue",
        "repositoryURL": "https://github.com/rexmas/JSONValue.git",
        "state": {
          "branch": null,
          "revision": "e7648a3aa5036f70376605419605263a48f15fdb",
          "version": "5.0.0"
        }
      }
    ]
  },
  "version": 1
}
