{
  "object": {
    "pins": [
      {
        "package": "Alamofire",
        "repositoryURL": "https://github.com/Alamofire/Alamofire.git",
        "state": {
          "branch": null,
          "revision": "32573d05b91d8b7349ca31b4726e80212483f02a",
          "version": "4.8.0"
        }
      },
      {
        "package": "JSONValue",
        "repositoryURL": "https://github.com/rexmas/JSONValue.git",
        "state": {
          "branch": null,
          "revision": "c17cc63c3f9b088d2e0cecf8ba2a1434b745aff8",
          "version": "4.2.0"
        }
      }
    ]
  },
  "version": 1
}
