PODS:
  - Alamofire (4.8.0)
  - JSONValueRX (4.2.0)

DEPENDENCIES:
  - Alamofire (~> 4.8.0)
  - JSONValueRX (~> 4.2)

SPEC REPOS:
  https://github.com/cocoapods/specs.git:
    - Alamofire
    - JSONValueRX

SPEC CHECKSUMS:
  Alamofire: 3ec537f71edc9804815215393ae2b1a8ea33a844
  JSONValueRX: 385a8d96f8a8728d500e229a4c81dd44d680b890

PODFILE CHECKSUM: d67c09ceaba8d71d0d675599fe9e26e79128ea7d

COCOAPODS: 1.5.2
