PODS:
  - Alamofire (4.7.2)
  - Crust (0.9.1):
    - JSONValueRX (~> 4.0.2)
  - JSONValueRX (4.0.2)
  - OHHTTPStubs (6.1.0):
    - OHHTTPStubs/Default (= 6.1.0)
  - OHHTTPStubs/Core (6.1.0)
  - OHHTTPStubs/Default (6.1.0):
    - OHHTTPStubs/Core
    - OHHTTPStubs/JSON
    - OHHTTPStubs/NSURLSession
    - OHHTTPStubs/OHPathHelpers
  - OHHTTPStubs/JSON (6.1.0):
    - OHHTTPStubs/Core
  - OHHTTPStubs/NSURLSession (6.1.0):
    - OHHTTPStubs/Core
  - OHHTTPStubs/OHPathHelpers (6.1.0)
  - Realm (3.7.1):
    - Realm/Headers (= 3.7.1)
  - Realm/Headers (3.7.1)
  - RealmSwift (3.7.1):
    - Realm (= 3.7.1)

DEPENDENCIES:
  - Alamofire (~> 4.7.2)
  - Crust (~> 0.9.1)
  - JSONValueRX (~> 4.0)
  - OHHTTPStubs (from `https://github.com/AliSoftware/OHHTTPStubs.git`)
  - RealmSwift

SPEC REPOS:
  https://github.com/cocoapods/specs.git:
    - Alamofire
    - Crust
    - JSONValueRX
    - Realm
    - RealmSwift

EXTERNAL SOURCES:
  OHHTTPStubs:
    :git: https://github.com/AliSoftware/OHHTTPStubs.git

CHECKOUT OPTIONS:
  OHHTTPStubs:
    :commit: 826a9217fcd468220d154ed0075cbc1a20d0c5c9
    :git: https://github.com/AliSoftware/OHHTTPStubs.git

SPEC CHECKSUMS:
  Alamofire: e4fa87002c137ba2d8d634d2c51fabcda0d5c223
  Crust: bc9495ee6f5709d0187e9b644dd6e7dca58ac5cd
  JSONValueRX: ef526ccede867e40afd40c545b02bd05c7e39940
  OHHTTPStubs: 38ce37264fab97254fddb853d806b8bda9faf6d6
  Realm: 906be37d52f17f25484ac01643a7f26a9d3bfbd5
  RealmSwift: 1c2b6bae3dc55bb87e080ffa96537d71442f6dce

PODFILE CHECKSUM: fb127f13ae4279f433c2e71b4abddef8de792d0a

COCOAPODS: 1.5.2
