// !$*UTF8*$!
{
	archiveVersion = 1;
	classes = {
	};
	objectVersion = 46;
	objects = {

/* Begin PBXBuildFile section */
		226A965FC6C546E974032F43 /* Pods_AutoGraphQL.framework in Frameworks */ = {isa = PBXBuildFile; fileRef = 2F3237D0649FF4BABCB8F606 /* Pods_AutoGraphQL.framework */; };
		4B4C4E9C3EAF64649305ABA0 /* Pods_OperationExecution.framework in Frameworks */ = {isa = PBXBuildFile; fileRef = 3CF9B35D7882AEEA0B5E9DDA /* Pods_OperationExecution.framework */; };
		AE6477EE218208FB00E3337B /* AllFilmsRequest.swift in Sources */ = {isa = PBXBuildFile; fileRef = AE6477ED218208FB00E3337B /* AllFilmsRequest.swift */; };
		C40623CEEE2E00482D3E3112 /* Pods_QueryBuilder.framework in Frameworks */ = {isa = PBXBuildFile; fileRef = 2D794E2AF02FFB7F0582B81C /* Pods_QueryBuilder.framework */; };
		CA5E0E59F12BE2DB5FF4B6E3 /* Pods_AutoGraphQL_AutoGraphTests.framework in Frameworks */ = {isa = PBXBuildFile; fileRef = 812D4B5E9878FB8F03EAE423 /* Pods_AutoGraphQL_AutoGraphTests.framework */; };
		CD3BFF241E1DE6EE008CE41A /* QueryDSL.swift in Sources */ = {isa = PBXBuildFile; fileRef = CDA62C321DB69B15004BA66D /* QueryDSL.swift */; };
		CD3BFF251E1DE6F6008CE41A /* FoundationExtensions.swift in Sources */ = {isa = PBXBuildFile; fileRef = CDA62C341DB69F4E004BA66D /* FoundationExtensions.swift */; };
		CD3BFF2C1E2021D3008CE41A /* Dispatcher.swift in Sources */ = {isa = PBXBuildFile; fileRef = CD3BFF2B1E2021D3008CE41A /* Dispatcher.swift */; };
		CD3BFF2E1E205D74008CE41A /* AuthHandler.swift in Sources */ = {isa = PBXBuildFile; fileRef = CD3BFF2D1E205D74008CE41A /* AuthHandler.swift */; };
		CD3BFF301E22D0D8008CE41A /* ResponseHandler.swift in Sources */ = {isa = PBXBuildFile; fileRef = CD3BFF2F1E22D0D8008CE41A /* ResponseHandler.swift */; };
		CD3BFF321E22D1EC008CE41A /* ResponseHandlerTests.swift in Sources */ = {isa = PBXBuildFile; fileRef = CD3BFF311E22D1EC008CE41A /* ResponseHandlerTests.swift */; };
		CD3BFF3F1E22D3E5008CE41A /* AlamofireClient.swift in Sources */ = {isa = PBXBuildFile; fileRef = CD3BFF3E1E22D3E5008CE41A /* AlamofireClient.swift */; };
		CD5244531E70EC6B0040771D /* ErrorTests.swift in Sources */ = {isa = PBXBuildFile; fileRef = CD5244521E70EC6B0040771D /* ErrorTests.swift */; };
		CD83559721CCFC040096810A /* OperationExecution.framework in Frameworks */ = {isa = PBXBuildFile; fileRef = CD83558E21CCFC030096810A /* OperationExecution.framework */; };
		CD83559C21CCFC040096810A /* OperationExecutionTests.swift in Sources */ = {isa = PBXBuildFile; fileRef = CD83559B21CCFC040096810A /* OperationExecutionTests.swift */; };
		CD83559E21CCFC040096810A /* OperationExecution.h in Headers */ = {isa = PBXBuildFile; fileRef = CD83559021CCFC040096810A /* OperationExecution.h */; settings = {ATTRIBUTES = (Public, ); }; };
		CDA62C031DB16999004BA66D /* AutoGraphQL.framework in Frameworks */ = {isa = PBXBuildFile; fileRef = CDA62BF91DB16998004BA66D /* AutoGraphQL.framework */; };
		CDA62C0A1DB16999004BA66D /* AutoGraph.h in Headers */ = {isa = PBXBuildFile; fileRef = CDA62BFC1DB16998004BA66D /* AutoGraph.h */; settings = {ATTRIBUTES = (Public, ); }; };
		CDA62C291DB69ADE004BA66D /* QueryBuilderTests.swift in Sources */ = {isa = PBXBuildFile; fileRef = CDA62C281DB69ADE004BA66D /* QueryBuilderTests.swift */; };
		CDA62C2B1DB69ADE004BA66D /* QueryBuilder.h in Headers */ = {isa = PBXBuildFile; fileRef = CDA62C1D1DB69ADE004BA66D /* QueryBuilder.h */; settings = {ATTRIBUTES = (Public, ); }; };
		CDA62C331DB69B15004BA66D /* QueryDSL.swift in Sources */ = {isa = PBXBuildFile; fileRef = CDA62C321DB69B15004BA66D /* QueryDSL.swift */; };
		CDA62C351DB69F4E004BA66D /* FoundationExtensions.swift in Sources */ = {isa = PBXBuildFile; fileRef = CDA62C341DB69F4E004BA66D /* FoundationExtensions.swift */; };
		CDA62C391DB6A586004BA66D /* FoundationExtensionsTests.swift in Sources */ = {isa = PBXBuildFile; fileRef = CDA62C381DB6A586004BA66D /* FoundationExtensionsTests.swift */; };
		CDB829DF20F9864800BAC7BD /* AutoGraphTests.swift in Sources */ = {isa = PBXBuildFile; fileRef = CDB829DB20F9864700BAC7BD /* AutoGraphTests.swift */; };
		CDB829EF20F9870100BAC7BD /* Film.swift in Sources */ = {isa = PBXBuildFile; fileRef = CDB829E620F9870000BAC7BD /* Film.swift */; };
		CDB829F020F9870100BAC7BD /* AllFilms.json in Resources */ = {isa = PBXBuildFile; fileRef = CDB829E720F9870000BAC7BD /* AllFilms.json */; };
		CDB829F120F9870100BAC7BD /* VariableFilm.json in Resources */ = {isa = PBXBuildFile; fileRef = CDB829E820F9870000BAC7BD /* VariableFilm.json */; };
		CDB829F220F9870100BAC7BD /* Film.json in Resources */ = {isa = PBXBuildFile; fileRef = CDB829E920F9870000BAC7BD /* Film.json */; };
		CDB829F320F9870100BAC7BD /* Film401.json in Resources */ = {isa = PBXBuildFile; fileRef = CDB829EA20F9870000BAC7BD /* Film401.json */; };
		CDB829F620F9870100BAC7BD /* FilmRequest.swift in Sources */ = {isa = PBXBuildFile; fileRef = CDB829EE20F9870000BAC7BD /* FilmRequest.swift */; };
		CDB82A0120FEE23A00BAC7BD /* AutoGraphQL.framework in Frameworks */ = {isa = PBXBuildFile; fileRef = CDA62BF91DB16998004BA66D /* AutoGraphQL.framework */; };
		CDBEBEAA1E1CB1400029909A /* Errors.swift in Sources */ = {isa = PBXBuildFile; fileRef = CDBEBEA91E1CB1400029909A /* Errors.swift */; };
		CDBEBEAC1E1CB5E80029909A /* Utilities.swift in Sources */ = {isa = PBXBuildFile; fileRef = CDBEBEAB1E1CB5E80029909A /* Utilities.swift */; };
		CDC393CF1E23235800BA6D5E /* AlamofireClientTests.swift in Sources */ = {isa = PBXBuildFile; fileRef = CDC393CE1E23235800BA6D5E /* AlamofireClientTests.swift */; };
		CDC393D11E232BD600BA6D5E /* AuthHandlerTests.swift in Sources */ = {isa = PBXBuildFile; fileRef = CDC393D01E232BD600BA6D5E /* AuthHandlerTests.swift */; };
		CDC393D31E232D2400BA6D5E /* DispatcherTests.swift in Sources */ = {isa = PBXBuildFile; fileRef = CDC393D21E232D2400BA6D5E /* DispatcherTests.swift */; };
		CDE3C71D1E00C28300AB4EB1 /* AutoGraph.swift in Sources */ = {isa = PBXBuildFile; fileRef = CDE3C71C1E00C28300AB4EB1 /* AutoGraph.swift */; };
		CDE3C7231E00C4A700AB4EB1 /* Stub.swift in Sources */ = {isa = PBXBuildFile; fileRef = CDE3C7221E00C4A700AB4EB1 /* Stub.swift */; };
		CDFFEBC71E6788C100685110 /* Request.swift in Sources */ = {isa = PBXBuildFile; fileRef = CDFFEBC61E6788C100685110 /* Request.swift */; };
		EF8E4591AE7416F7A2E5EE3F /* Pods_AutoGraphQL_QueryBuilderTests.framework in Frameworks */ = {isa = PBXBuildFile; fileRef = F460CA8E756A06703DFF2AF0 /* Pods_AutoGraphQL_QueryBuilderTests.framework */; };
		F66AAAD1CCD3BD9628312FD9 /* Pods_AutoGraphQL_OperationExecutionTests.framework in Frameworks */ = {isa = PBXBuildFile; fileRef = CA3103B59AE4318B875354A2 /* Pods_AutoGraphQL_OperationExecutionTests.framework */; };
/* End PBXBuildFile section */

/* Begin PBXContainerItemProxy section */
		CD83559821CCFC040096810A /* PBXContainerItemProxy */ = {
			isa = PBXContainerItemProxy;
			containerPortal = CDA62BF01DB16998004BA66D /* Project object */;
			proxyType = 1;
			remoteGlobalIDString = CD83558D21CCFC030096810A;
			remoteInfo = OperationExecution;
		};
		CDA62C041DB16999004BA66D /* PBXContainerItemProxy */ = {
			isa = PBXContainerItemProxy;
			containerPortal = CDA62BF01DB16998004BA66D /* Project object */;
			proxyType = 1;
			remoteGlobalIDString = CDA62BF81DB16998004BA66D;
			remoteInfo = AutoGraph;
		};
		CDB829FF20FEE23300BAC7BD /* PBXContainerItemProxy */ = {
			isa = PBXContainerItemProxy;
			containerPortal = CDA62BF01DB16998004BA66D /* Project object */;
			proxyType = 1;
			remoteGlobalIDString = CDA62BF81DB16998004BA66D;
			remoteInfo = AutoGraphQL;
		};
/* End PBXContainerItemProxy section */

/* Begin PBXFileReference section */
		0264D743B7EDB3CFDEBEC994 /* Pods-QueryBuilder-QueryBuilderTests.release.xcconfig */ = {isa = PBXFileReference; includeInIndex = 1; lastKnownFileType = text.xcconfig; name = "Pods-QueryBuilder-QueryBuilderTests.release.xcconfig"; path = "Pods/Target Support Files/Pods-QueryBuilder-QueryBuilderTests/Pods-QueryBuilder-QueryBuilderTests.release.xcconfig"; sourceTree = "<group>"; };
		05AB136B7EDCE8041A2B970E /* Pods_QueryBuilder_QueryBuilderTests.framework */ = {isa = PBXFileReference; explicitFileType = wrapper.framework; includeInIndex = 0; path = Pods_QueryBuilder_QueryBuilderTests.framework; sourceTree = BUILT_PRODUCTS_DIR; };
		1C9100F88ADBF578533F392F /* Pods-AutoGraphQL-AutoGraphTests.release.xcconfig */ = {isa = PBXFileReference; includeInIndex = 1; lastKnownFileType = text.xcconfig; name = "Pods-AutoGraphQL-AutoGraphTests.release.xcconfig"; path = "Pods/Target Support Files/Pods-AutoGraphQL-AutoGraphTests/Pods-AutoGraphQL-AutoGraphTests.release.xcconfig"; sourceTree = "<group>"; };
		1CEDA185DC553823D127D91E /* Pods-AutoGraphQL-OperationExecutionTests.debug.xcconfig */ = {isa = PBXFileReference; includeInIndex = 1; lastKnownFileType = text.xcconfig; name = "Pods-AutoGraphQL-OperationExecutionTests.debug.xcconfig"; path = "Pods/Target Support Files/Pods-AutoGraphQL-OperationExecutionTests/Pods-AutoGraphQL-OperationExecutionTests.debug.xcconfig"; sourceTree = "<group>"; };
		2D794E2AF02FFB7F0582B81C /* Pods_QueryBuilder.framework */ = {isa = PBXFileReference; explicitFileType = wrapper.framework; includeInIndex = 0; path = Pods_QueryBuilder.framework; sourceTree = BUILT_PRODUCTS_DIR; };
		2F3237D0649FF4BABCB8F606 /* Pods_AutoGraphQL.framework */ = {isa = PBXFileReference; explicitFileType = wrapper.framework; includeInIndex = 0; path = Pods_AutoGraphQL.framework; sourceTree = BUILT_PRODUCTS_DIR; };
		3CF9B35D7882AEEA0B5E9DDA /* Pods_OperationExecution.framework */ = {isa = PBXFileReference; explicitFileType = wrapper.framework; includeInIndex = 0; path = Pods_OperationExecution.framework; sourceTree = BUILT_PRODUCTS_DIR; };
		46C4864E0BB6D37C684EF1B7 /* Pods-AutoGraph.debug.xcconfig */ = {isa = PBXFileReference; includeInIndex = 1; lastKnownFileType = text.xcconfig; name = "Pods-AutoGraph.debug.xcconfig"; path = "Pods/Target Support Files/Pods-AutoGraph/Pods-AutoGraph.debug.xcconfig"; sourceTree = "<group>"; };
		49D4BAD32E7581AD72E6B222 /* Pods_AutoGraphQL_AutoGraphRealmTests.framework */ = {isa = PBXFileReference; explicitFileType = wrapper.framework; includeInIndex = 0; path = Pods_AutoGraphQL_AutoGraphRealmTests.framework; sourceTree = BUILT_PRODUCTS_DIR; };
		4F0E467203B1F2B77F41B678 /* Pods-AutoGraph.release.xcconfig */ = {isa = PBXFileReference; includeInIndex = 1; lastKnownFileType = text.xcconfig; name = "Pods-AutoGraph.release.xcconfig"; path = "Pods/Target Support Files/Pods-AutoGraph/Pods-AutoGraph.release.xcconfig"; sourceTree = "<group>"; };
		5420221E40BA8E3E4804AC27 /* Pods-AutoGraph-AutoGraphTests.debug.xcconfig */ = {isa = PBXFileReference; includeInIndex = 1; lastKnownFileType = text.xcconfig; name = "Pods-AutoGraph-AutoGraphTests.debug.xcconfig"; path = "Pods/Target Support Files/Pods-AutoGraph-AutoGraphTests/Pods-AutoGraph-AutoGraphTests.debug.xcconfig"; sourceTree = "<group>"; };
		562ED5B876F75D9A6D542930 /* Pods-AutoGraphQL-AutoGraphRealmTests.debug.xcconfig */ = {isa = PBXFileReference; includeInIndex = 1; lastKnownFileType = text.xcconfig; name = "Pods-AutoGraphQL-AutoGraphRealmTests.debug.xcconfig"; path = "Pods/Target Support Files/Pods-AutoGraphQL-AutoGraphRealmTests/Pods-AutoGraphQL-AutoGraphRealmTests.debug.xcconfig"; sourceTree = "<group>"; };
		68BA57291B4A9A6EDAC19E5D /* Pods-QueryBuilder.debug.xcconfig */ = {isa = PBXFileReference; includeInIndex = 1; lastKnownFileType = text.xcconfig; name = "Pods-QueryBuilder.debug.xcconfig"; path = "Pods/Target Support Files/Pods-QueryBuilder/Pods-QueryBuilder.debug.xcconfig"; sourceTree = "<group>"; };
		6BAAABFB4EAAEC52F72AD808 /* Pods-AutoGraphQL-AutoGraphRealmTests.release.xcconfig */ = {isa = PBXFileReference; includeInIndex = 1; lastKnownFileType = text.xcconfig; name = "Pods-AutoGraphQL-AutoGraphRealmTests.release.xcconfig"; path = "Pods/Target Support Files/Pods-AutoGraphQL-AutoGraphRealmTests/Pods-AutoGraphQL-AutoGraphRealmTests.release.xcconfig"; sourceTree = "<group>"; };
		6D326BA102FB2075F1221EDE /* Pods-AutoGraphQL-OperationExecutionTests.release.xcconfig */ = {isa = PBXFileReference; includeInIndex = 1; lastKnownFileType = text.xcconfig; name = "Pods-AutoGraphQL-OperationExecutionTests.release.xcconfig"; path = "Pods/Target Support Files/Pods-AutoGraphQL-OperationExecutionTests/Pods-AutoGraphQL-OperationExecutionTests.release.xcconfig"; sourceTree = "<group>"; };
		713363E6E382C3C853EEE6C7 /* Pods_AutoGraph.framework */ = {isa = PBXFileReference; explicitFileType = wrapper.framework; includeInIndex = 0; path = Pods_AutoGraph.framework; sourceTree = BUILT_PRODUCTS_DIR; };
		719B779D48913BB08BA56AAD /* Pods-AutoGraphQL.release.xcconfig */ = {isa = PBXFileReference; includeInIndex = 1; lastKnownFileType = text.xcconfig; name = "Pods-AutoGraphQL.release.xcconfig"; path = "Pods/Target Support Files/Pods-AutoGraphQL/Pods-AutoGraphQL.release.xcconfig"; sourceTree = "<group>"; };
		812D4B5E9878FB8F03EAE423 /* Pods_AutoGraphQL_AutoGraphTests.framework */ = {isa = PBXFileReference; explicitFileType = wrapper.framework; includeInIndex = 0; path = Pods_AutoGraphQL_AutoGraphTests.framework; sourceTree = BUILT_PRODUCTS_DIR; };
		859FD5EDB5F19DA4BC6C9346 /* Pods-AutoGraphQL-QueryBuilderTests.debug.xcconfig */ = {isa = PBXFileReference; includeInIndex = 1; lastKnownFileType = text.xcconfig; name = "Pods-AutoGraphQL-QueryBuilderTests.debug.xcconfig"; path = "Pods/Target Support Files/Pods-AutoGraphQL-QueryBuilderTests/Pods-AutoGraphQL-QueryBuilderTests.debug.xcconfig"; sourceTree = "<group>"; };
		963F35AAE93DAC9E902B118F /* Pods-AutoGraph-AutoGraphTests.release.xcconfig */ = {isa = PBXFileReference; includeInIndex = 1; lastKnownFileType = text.xcconfig; name = "Pods-AutoGraph-AutoGraphTests.release.xcconfig"; path = "Pods/Target Support Files/Pods-AutoGraph-AutoGraphTests/Pods-AutoGraph-AutoGraphTests.release.xcconfig"; sourceTree = "<group>"; };
		9C37033F6759994DDEF49C94 /* Pods-AutoGraphQL.debug.xcconfig */ = {isa = PBXFileReference; includeInIndex = 1; lastKnownFileType = text.xcconfig; name = "Pods-AutoGraphQL.debug.xcconfig"; path = "Pods/Target Support Files/Pods-AutoGraphQL/Pods-AutoGraphQL.debug.xcconfig"; sourceTree = "<group>"; };
		A456FD3370B738F56D2706EA /* Pods-AutoGraphQL-AutoGraphTests.debug.xcconfig */ = {isa = PBXFileReference; includeInIndex = 1; lastKnownFileType = text.xcconfig; name = "Pods-AutoGraphQL-AutoGraphTests.debug.xcconfig"; path = "Pods/Target Support Files/Pods-AutoGraphQL-AutoGraphTests/Pods-AutoGraphQL-AutoGraphTests.debug.xcconfig"; sourceTree = "<group>"; };
		A7ACBFE1EBBCEF332AF66091 /* Pods-OperationExecution.debug.xcconfig */ = {isa = PBXFileReference; includeInIndex = 1; lastKnownFileType = text.xcconfig; name = "Pods-OperationExecution.debug.xcconfig"; path = "Pods/Target Support Files/Pods-OperationExecution/Pods-OperationExecution.debug.xcconfig"; sourceTree = "<group>"; };
		AE6477ED218208FB00E3337B /* AllFilmsRequest.swift */ = {isa = PBXFileReference; lastKnownFileType = sourcecode.swift; path = AllFilmsRequest.swift; sourceTree = "<group>"; };
		B24FAB69B04F19E707A8E68E /* Pods-QueryBuilder.release.xcconfig */ = {isa = PBXFileReference; includeInIndex = 1; lastKnownFileType = text.xcconfig; name = "Pods-QueryBuilder.release.xcconfig"; path = "Pods/Target Support Files/Pods-QueryBuilder/Pods-QueryBuilder.release.xcconfig"; sourceTree = "<group>"; };
		C4096020F8513918A429DE40 /* Pods_AutoGraph_AutoGraphTests.framework */ = {isa = PBXFileReference; explicitFileType = wrapper.framework; includeInIndex = 0; path = Pods_AutoGraph_AutoGraphTests.framework; sourceTree = BUILT_PRODUCTS_DIR; };
		CA3103B59AE4318B875354A2 /* Pods_AutoGraphQL_OperationExecutionTests.framework */ = {isa = PBXFileReference; explicitFileType = wrapper.framework; includeInIndex = 0; path = Pods_AutoGraphQL_OperationExecutionTests.framework; sourceTree = BUILT_PRODUCTS_DIR; };
		CD3BFF2B1E2021D3008CE41A /* Dispatcher.swift */ = {isa = PBXFileReference; fileEncoding = 4; lastKnownFileType = sourcecode.swift; lineEnding = 0; path = Dispatcher.swift; sourceTree = "<group>"; xcLanguageSpecificationIdentifier = xcode.lang.swift; };
		CD3BFF2D1E205D74008CE41A /* AuthHandler.swift */ = {isa = PBXFileReference; fileEncoding = 4; lastKnownFileType = sourcecode.swift; path = AuthHandler.swift; sourceTree = "<group>"; };
		CD3BFF2F1E22D0D8008CE41A /* ResponseHandler.swift */ = {isa = PBXFileReference; fileEncoding = 4; lastKnownFileType = sourcecode.swift; lineEnding = 0; path = ResponseHandler.swift; sourceTree = "<group>"; xcLanguageSpecificationIdentifier = xcode.lang.swift; };
		CD3BFF311E22D1EC008CE41A /* ResponseHandlerTests.swift */ = {isa = PBXFileReference; fileEncoding = 4; lastKnownFileType = sourcecode.swift; lineEnding = 0; path = ResponseHandlerTests.swift; sourceTree = "<group>"; xcLanguageSpecificationIdentifier = xcode.lang.swift; };
		CD3BFF3E1E22D3E5008CE41A /* AlamofireClient.swift */ = {isa = PBXFileReference; fileEncoding = 4; lastKnownFileType = sourcecode.swift; path = AlamofireClient.swift; sourceTree = "<group>"; };
		CD5244521E70EC6B0040771D /* ErrorTests.swift */ = {isa = PBXFileReference; fileEncoding = 4; lastKnownFileType = sourcecode.swift; path = ErrorTests.swift; sourceTree = "<group>"; };
		CD83558E21CCFC030096810A /* OperationExecution.framework */ = {isa = PBXFileReference; explicitFileType = wrapper.framework; includeInIndex = 0; path = OperationExecution.framework; sourceTree = BUILT_PRODUCTS_DIR; };
		CD83559021CCFC040096810A /* OperationExecution.h */ = {isa = PBXFileReference; lastKnownFileType = sourcecode.c.h; path = OperationExecution.h; sourceTree = "<group>"; };
		CD83559121CCFC040096810A /* Info.plist */ = {isa = PBXFileReference; lastKnownFileType = text.plist.xml; path = Info.plist; sourceTree = "<group>"; };
		CD83559621CCFC040096810A /* OperationExecutionTests.xctest */ = {isa = PBXFileReference; explicitFileType = wrapper.cfbundle; includeInIndex = 0; path = OperationExecutionTests.xctest; sourceTree = BUILT_PRODUCTS_DIR; };
		CD83559B21CCFC040096810A /* OperationExecutionTests.swift */ = {isa = PBXFileReference; lastKnownFileType = sourcecode.swift; path = OperationExecutionTests.swift; sourceTree = "<group>"; };
		CD83559D21CCFC040096810A /* Info.plist */ = {isa = PBXFileReference; lastKnownFileType = text.plist.xml; path = Info.plist; sourceTree = "<group>"; };
		CDA62BF91DB16998004BA66D /* AutoGraphQL.framework */ = {isa = PBXFileReference; explicitFileType = wrapper.framework; includeInIndex = 0; path = AutoGraphQL.framework; sourceTree = BUILT_PRODUCTS_DIR; };
		CDA62BFC1DB16998004BA66D /* AutoGraph.h */ = {isa = PBXFileReference; lastKnownFileType = sourcecode.c.h; path = AutoGraph.h; sourceTree = "<group>"; };
		CDA62BFD1DB16998004BA66D /* Info.plist */ = {isa = PBXFileReference; lastKnownFileType = text.plist.xml; path = Info.plist; sourceTree = "<group>"; };
		CDA62C021DB16999004BA66D /* AutoGraphTests.xctest */ = {isa = PBXFileReference; explicitFileType = wrapper.cfbundle; includeInIndex = 0; path = AutoGraphTests.xctest; sourceTree = BUILT_PRODUCTS_DIR; };
		CDA62C091DB16999004BA66D /* Info.plist */ = {isa = PBXFileReference; lastKnownFileType = text.plist.xml; path = Info.plist; sourceTree = "<group>"; };
		CDA62C1B1DB69ADE004BA66D /* QueryBuilder.framework */ = {isa = PBXFileReference; explicitFileType = wrapper.framework; includeInIndex = 0; path = QueryBuilder.framework; sourceTree = BUILT_PRODUCTS_DIR; };
		CDA62C1D1DB69ADE004BA66D /* QueryBuilder.h */ = {isa = PBXFileReference; lastKnownFileType = sourcecode.c.h; path = QueryBuilder.h; sourceTree = "<group>"; };
		CDA62C1E1DB69ADE004BA66D /* Info.plist */ = {isa = PBXFileReference; lastKnownFileType = text.plist.xml; path = Info.plist; sourceTree = "<group>"; };
		CDA62C231DB69ADE004BA66D /* QueryBuilderTests.xctest */ = {isa = PBXFileReference; explicitFileType = wrapper.cfbundle; includeInIndex = 0; path = QueryBuilderTests.xctest; sourceTree = BUILT_PRODUCTS_DIR; };
		CDA62C281DB69ADE004BA66D /* QueryBuilderTests.swift */ = {isa = PBXFileReference; lastKnownFileType = sourcecode.swift; path = QueryBuilderTests.swift; sourceTree = "<group>"; };
		CDA62C2A1DB69ADE004BA66D /* Info.plist */ = {isa = PBXFileReference; lastKnownFileType = text.plist.xml; path = Info.plist; sourceTree = "<group>"; };
		CDA62C321DB69B15004BA66D /* QueryDSL.swift */ = {isa = PBXFileReference; fileEncoding = 4; lastKnownFileType = sourcecode.swift; path = QueryDSL.swift; sourceTree = "<group>"; };
		CDA62C341DB69F4E004BA66D /* FoundationExtensions.swift */ = {isa = PBXFileReference; fileEncoding = 4; lastKnownFileType = sourcecode.swift; path = FoundationExtensions.swift; sourceTree = "<group>"; };
		CDA62C381DB6A586004BA66D /* FoundationExtensionsTests.swift */ = {isa = PBXFileReference; fileEncoding = 4; lastKnownFileType = sourcecode.swift; path = FoundationExtensionsTests.swift; sourceTree = "<group>"; };
		CDB829DB20F9864700BAC7BD /* AutoGraphTests.swift */ = {isa = PBXFileReference; fileEncoding = 4; lastKnownFileType = sourcecode.swift; path = AutoGraphTests.swift; sourceTree = "<group>"; };
		CDB829E620F9870000BAC7BD /* Film.swift */ = {isa = PBXFileReference; fileEncoding = 4; lastKnownFileType = sourcecode.swift; path = Film.swift; sourceTree = "<group>"; };
		CDB829E720F9870000BAC7BD /* AllFilms.json */ = {isa = PBXFileReference; fileEncoding = 4; lastKnownFileType = text.json; path = AllFilms.json; sourceTree = "<group>"; };
		CDB829E820F9870000BAC7BD /* VariableFilm.json */ = {isa = PBXFileReference; fileEncoding = 4; lastKnownFileType = text.json; path = VariableFilm.json; sourceTree = "<group>"; };
		CDB829E920F9870000BAC7BD /* Film.json */ = {isa = PBXFileReference; fileEncoding = 4; lastKnownFileType = text.json; path = Film.json; sourceTree = "<group>"; };
		CDB829EA20F9870000BAC7BD /* Film401.json */ = {isa = PBXFileReference; fileEncoding = 4; lastKnownFileType = text.json; path = Film401.json; sourceTree = "<group>"; };
		CDB829EE20F9870000BAC7BD /* FilmRequest.swift */ = {isa = PBXFileReference; fileEncoding = 4; lastKnownFileType = sourcecode.swift; path = FilmRequest.swift; sourceTree = "<group>"; };
		CDBEBE9A1E00F3DD0029909A /* Crust.framework */ = {isa = PBXFileReference; lastKnownFileType = wrapper.framework; name = Crust.framework; path = "../../../Library/Developer/Xcode/DerivedData/AutoGraph-ecnfnfghfxzpggasivymkfvdtyqk/Build/Products/Debug-iphonesimulator/Crust/Crust.framework"; sourceTree = "<group>"; };
		CDBEBE9C1E01E6A60029909A /* Crust.framework */ = {isa = PBXFileReference; lastKnownFileType = wrapper.framework; name = Crust.framework; path = "Pods/../build/Debug-iphoneos/Crust/Crust.framework"; sourceTree = "<group>"; };
		CDBEBE9E1E01E6B30029909A /* Crust.framework */ = {isa = PBXFileReference; lastKnownFileType = wrapper.framework; name = Crust.framework; path = "Pods/../build/Debug-iphoneos/Crust/Crust.framework"; sourceTree = "<group>"; };
		CDBEBEA01E01E6EC0029909A /* Crust.framework */ = {isa = PBXFileReference; lastKnownFileType = wrapper.framework; name = Crust.framework; path = "Pods/../build/Debug-iphoneos/Crust/Crust.framework"; sourceTree = "<group>"; };
		CDBEBEA21E01E7F50029909A /* Crust.framework */ = {isa = PBXFileReference; lastKnownFileType = wrapper.framework; name = Crust.framework; path = "Pods/../build/Debug-iphoneos/Crust/Crust.framework"; sourceTree = "<group>"; };
		CDBEBEA51E01E8250029909A /* Realm.framework */ = {isa = PBXFileReference; lastKnownFileType = wrapper.framework; name = Realm.framework; path = "Pods/../build/Debug-iphoneos/Realm/Realm.framework"; sourceTree = "<group>"; };
		CDBEBEA71E01E92A0029909A /* OHHTTPStubs.framework */ = {isa = PBXFileReference; lastKnownFileType = wrapper.framework; name = OHHTTPStubs.framework; path = "Pods/../build/Debug-iphoneos/OHHTTPStubs/OHHTTPStubs.framework"; sourceTree = "<group>"; };
		CDBEBEA91E1CB1400029909A /* Errors.swift */ = {isa = PBXFileReference; fileEncoding = 4; lastKnownFileType = sourcecode.swift; path = Errors.swift; sourceTree = "<group>"; };
		CDBEBEAB1E1CB5E80029909A /* Utilities.swift */ = {isa = PBXFileReference; fileEncoding = 4; lastKnownFileType = sourcecode.swift; path = Utilities.swift; sourceTree = "<group>"; };
		CDC393CE1E23235800BA6D5E /* AlamofireClientTests.swift */ = {isa = PBXFileReference; fileEncoding = 4; lastKnownFileType = sourcecode.swift; path = AlamofireClientTests.swift; sourceTree = "<group>"; };
		CDC393D01E232BD600BA6D5E /* AuthHandlerTests.swift */ = {isa = PBXFileReference; fileEncoding = 4; lastKnownFileType = sourcecode.swift; path = AuthHandlerTests.swift; sourceTree = "<group>"; };
		CDC393D21E232D2400BA6D5E /* DispatcherTests.swift */ = {isa = PBXFileReference; fileEncoding = 4; lastKnownFileType = sourcecode.swift; lineEnding = 0; path = DispatcherTests.swift; sourceTree = "<group>"; xcLanguageSpecificationIdentifier = xcode.lang.swift; };
		CDE3C71C1E00C28300AB4EB1 /* AutoGraph.swift */ = {isa = PBXFileReference; fileEncoding = 4; lastKnownFileType = sourcecode.swift; lineEnding = 0; path = AutoGraph.swift; sourceTree = "<group>"; xcLanguageSpecificationIdentifier = xcode.lang.swift; };
		CDE3C7221E00C4A700AB4EB1 /* Stub.swift */ = {isa = PBXFileReference; fileEncoding = 4; lastKnownFileType = sourcecode.swift; path = Stub.swift; sourceTree = "<group>"; };
		CDFFEBC61E6788C100685110 /* Request.swift */ = {isa = PBXFileReference; fileEncoding = 4; lastKnownFileType = sourcecode.swift; path = Request.swift; sourceTree = "<group>"; };
		D4EF0EBB7CF7BFE7A843B4F0 /* Pods-QueryBuilder-QueryBuilderTests.debug.xcconfig */ = {isa = PBXFileReference; includeInIndex = 1; lastKnownFileType = text.xcconfig; name = "Pods-QueryBuilder-QueryBuilderTests.debug.xcconfig"; path = "Pods/Target Support Files/Pods-QueryBuilder-QueryBuilderTests/Pods-QueryBuilder-QueryBuilderTests.debug.xcconfig"; sourceTree = "<group>"; };
		F460CA8E756A06703DFF2AF0 /* Pods_AutoGraphQL_QueryBuilderTests.framework */ = {isa = PBXFileReference; explicitFileType = wrapper.framework; includeInIndex = 0; path = Pods_AutoGraphQL_QueryBuilderTests.framework; sourceTree = BUILT_PRODUCTS_DIR; };
		F62357AFD8BB4E8ADA456135 /* Pods-AutoGraphQL-QueryBuilderTests.release.xcconfig */ = {isa = PBXFileReference; includeInIndex = 1; lastKnownFileType = text.xcconfig; name = "Pods-AutoGraphQL-QueryBuilderTests.release.xcconfig"; path = "Pods/Target Support Files/Pods-AutoGraphQL-QueryBuilderTests/Pods-AutoGraphQL-QueryBuilderTests.release.xcconfig"; sourceTree = "<group>"; };
		FA7AA2F81C85460A7004C809 /* Pods-OperationExecution.release.xcconfig */ = {isa = PBXFileReference; includeInIndex = 1; lastKnownFileType = text.xcconfig; name = "Pods-OperationExecution.release.xcconfig"; path = "Pods/Target Support Files/Pods-OperationExecution/Pods-OperationExecution.release.xcconfig"; sourceTree = "<group>"; };
/* End PBXFileReference section */

/* Begin PBXFrameworksBuildPhase section */
		CD83558B21CCFC030096810A /* Frameworks */ = {
			isa = PBXFrameworksBuildPhase;
			buildActionMask = 2147483647;
			files = (
				4B4C4E9C3EAF64649305ABA0 /* Pods_OperationExecution.framework in Frameworks */,
			);
			runOnlyForDeploymentPostprocessing = 0;
		};
		CD83559321CCFC040096810A /* Frameworks */ = {
			isa = PBXFrameworksBuildPhase;
			buildActionMask = 2147483647;
			files = (
				CD83559721CCFC040096810A /* OperationExecution.framework in Frameworks */,
				F66AAAD1CCD3BD9628312FD9 /* Pods_AutoGraphQL_OperationExecutionTests.framework in Frameworks */,
			);
			runOnlyForDeploymentPostprocessing = 0;
		};
		CDA62BF51DB16998004BA66D /* Frameworks */ = {
			isa = PBXFrameworksBuildPhase;
			buildActionMask = 2147483647;
			files = (
				226A965FC6C546E974032F43 /* Pods_AutoGraphQL.framework in Frameworks */,
			);
			runOnlyForDeploymentPostprocessing = 0;
		};
		CDA62BFF1DB16999004BA66D /* Frameworks */ = {
			isa = PBXFrameworksBuildPhase;
			buildActionMask = 2147483647;
			files = (
				CDA62C031DB16999004BA66D /* AutoGraphQL.framework in Frameworks */,
				CA5E0E59F12BE2DB5FF4B6E3 /* Pods_AutoGraphQL_AutoGraphTests.framework in Frameworks */,
			);
			runOnlyForDeploymentPostprocessing = 0;
		};
		CDA62C171DB69ADE004BA66D /* Frameworks */ = {
			isa = PBXFrameworksBuildPhase;
			buildActionMask = 2147483647;
			files = (
				C40623CEEE2E00482D3E3112 /* Pods_QueryBuilder.framework in Frameworks */,
			);
			runOnlyForDeploymentPostprocessing = 0;
		};
		CDA62C201DB69ADE004BA66D /* Frameworks */ = {
			isa = PBXFrameworksBuildPhase;
			buildActionMask = 2147483647;
			files = (
				CDB82A0120FEE23A00BAC7BD /* AutoGraphQL.framework in Frameworks */,
				EF8E4591AE7416F7A2E5EE3F /* Pods_AutoGraphQL_QueryBuilderTests.framework in Frameworks */,
			);
			runOnlyForDeploymentPostprocessing = 0;
		};
/* End PBXFrameworksBuildPhase section */

/* Begin PBXGroup section */
		197A881A2E7C06E3F9501B67 /* Frameworks */ = {
			isa = PBXGroup;
			children = (
				CDBEBEA71E01E92A0029909A /* OHHTTPStubs.framework */,
				CDBEBEA51E01E8250029909A /* Realm.framework */,
				CDBEBEA21E01E7F50029909A /* Crust.framework */,
				CDBEBEA01E01E6EC0029909A /* Crust.framework */,
				CDBEBE9E1E01E6B30029909A /* Crust.framework */,
				CDBEBE9C1E01E6A60029909A /* Crust.framework */,
				CDBEBE9A1E00F3DD0029909A /* Crust.framework */,
				713363E6E382C3C853EEE6C7 /* Pods_AutoGraph.framework */,
				C4096020F8513918A429DE40 /* Pods_AutoGraph_AutoGraphTests.framework */,
				2D794E2AF02FFB7F0582B81C /* Pods_QueryBuilder.framework */,
				05AB136B7EDCE8041A2B970E /* Pods_QueryBuilder_QueryBuilderTests.framework */,
				2F3237D0649FF4BABCB8F606 /* Pods_AutoGraphQL.framework */,
				812D4B5E9878FB8F03EAE423 /* Pods_AutoGraphQL_AutoGraphTests.framework */,
				49D4BAD32E7581AD72E6B222 /* Pods_AutoGraphQL_AutoGraphRealmTests.framework */,
				F460CA8E756A06703DFF2AF0 /* Pods_AutoGraphQL_QueryBuilderTests.framework */,
				CA3103B59AE4318B875354A2 /* Pods_AutoGraphQL_OperationExecutionTests.framework */,
				3CF9B35D7882AEEA0B5E9DDA /* Pods_OperationExecution.framework */,
			);
			name = Frameworks;
			sourceTree = "<group>";
		};
		CD83558F21CCFC040096810A /* OperationExecution */ = {
			isa = PBXGroup;
			children = (
				CD83559021CCFC040096810A /* OperationExecution.h */,
				CD83559121CCFC040096810A /* Info.plist */,
			);
			path = OperationExecution;
			sourceTree = "<group>";
		};
		CD83559A21CCFC040096810A /* OperationExecutionTests */ = {
			isa = PBXGroup;
			children = (
				CD83559B21CCFC040096810A /* OperationExecutionTests.swift */,
				CD83559D21CCFC040096810A /* Info.plist */,
			);
			path = OperationExecutionTests;
			sourceTree = "<group>";
		};
		CDA62BEF1DB16998004BA66D = {
			isa = PBXGroup;
			children = (
				CDA62BFB1DB16998004BA66D /* AutoGraphQL */,
				CDA62C061DB16999004BA66D /* AutoGraphTests */,
				CD83558F21CCFC040096810A /* OperationExecution */,
				CD83559A21CCFC040096810A /* OperationExecutionTests */,
				CDA62C1C1DB69ADE004BA66D /* QueryBuilder */,
				CDA62C271DB69ADE004BA66D /* QueryBuilderTests */,
				CDA62BFA1DB16998004BA66D /* Products */,
				197A881A2E7C06E3F9501B67 /* Frameworks */,
				F9A9B17DA00BD90428294EB2 /* Pods */,
			);
			sourceTree = "<group>";
		};
		CDA62BFA1DB16998004BA66D /* Products */ = {
			isa = PBXGroup;
			children = (
				CDA62BF91DB16998004BA66D /* AutoGraphQL.framework */,
				CDA62C021DB16999004BA66D /* AutoGraphTests.xctest */,
				CDA62C1B1DB69ADE004BA66D /* QueryBuilder.framework */,
				CDA62C231DB69ADE004BA66D /* QueryBuilderTests.xctest */,
				CD83558E21CCFC030096810A /* OperationExecution.framework */,
				CD83559621CCFC040096810A /* OperationExecutionTests.xctest */,
			);
			name = Products;
			sourceTree = "<group>";
		};
		CDA62BFB1DB16998004BA66D /* AutoGraphQL */ = {
			isa = PBXGroup;
			children = (
				CDA62BFC1DB16998004BA66D /* AutoGraph.h */,
				CDA62BFD1DB16998004BA66D /* Info.plist */,
				CD3BFF3E1E22D3E5008CE41A /* AlamofireClient.swift */,
				CD3BFF2D1E205D74008CE41A /* AuthHandler.swift */,
				CDE3C71C1E00C28300AB4EB1 /* AutoGraph.swift */,
				CD3BFF2B1E2021D3008CE41A /* Dispatcher.swift */,
				CDBEBEA91E1CB1400029909A /* Errors.swift */,
				CDFFEBC61E6788C100685110 /* Request.swift */,
				CD3BFF2F1E22D0D8008CE41A /* ResponseHandler.swift */,
				CDBEBEAB1E1CB5E80029909A /* Utilities.swift */,
			);
			name = AutoGraphQL;
			path = AutoGraph;
			sourceTree = "<group>";
		};
		CDA62C061DB16999004BA66D /* AutoGraphTests */ = {
			isa = PBXGroup;
			children = (
				CDB829E520F9870000BAC7BD /* Data */,
				CDB829EB20F9870000BAC7BD /* Requests */,
				CDC393CE1E23235800BA6D5E /* AlamofireClientTests.swift */,
				CDC393D01E232BD600BA6D5E /* AuthHandlerTests.swift */,
				CDB829DB20F9864700BAC7BD /* AutoGraphTests.swift */,
				CDC393D21E232D2400BA6D5E /* DispatcherTests.swift */,
				CD5244521E70EC6B0040771D /* ErrorTests.swift */,
				CD3BFF311E22D1EC008CE41A /* ResponseHandlerTests.swift */,
				CDE3C7221E00C4A700AB4EB1 /* Stub.swift */,
				CDA62C091DB16999004BA66D /* Info.plist */,
			);
			path = AutoGraphTests;
			sourceTree = "<group>";
		};
		CDA62C1C1DB69ADE004BA66D /* QueryBuilder */ = {
			isa = PBXGroup;
			children = (
				CDA62C1D1DB69ADE004BA66D /* QueryBuilder.h */,
				CDA62C321DB69B15004BA66D /* QueryDSL.swift */,
				CDA62C341DB69F4E004BA66D /* FoundationExtensions.swift */,
				CDA62C1E1DB69ADE004BA66D /* Info.plist */,
			);
			path = QueryBuilder;
			sourceTree = "<group>";
		};
		CDA62C271DB69ADE004BA66D /* QueryBuilderTests */ = {
			isa = PBXGroup;
			children = (
				CDA62C381DB6A586004BA66D /* FoundationExtensionsTests.swift */,
				CDA62C281DB69ADE004BA66D /* QueryBuilderTests.swift */,
				CDA62C2A1DB69ADE004BA66D /* Info.plist */,
			);
			path = QueryBuilderTests;
			sourceTree = "<group>";
		};
		CDB829E520F9870000BAC7BD /* Data */ = {
			isa = PBXGroup;
			children = (
				CDB829E620F9870000BAC7BD /* Film.swift */,
				CDB829E720F9870000BAC7BD /* AllFilms.json */,
				CDB829E820F9870000BAC7BD /* VariableFilm.json */,
				CDB829E920F9870000BAC7BD /* Film.json */,
				CDB829EA20F9870000BAC7BD /* Film401.json */,
			);
			path = Data;
			sourceTree = "<group>";
		};
		CDB829EB20F9870000BAC7BD /* Requests */ = {
			isa = PBXGroup;
			children = (
				CDB829EE20F9870000BAC7BD /* FilmRequest.swift */,
				AE6477ED218208FB00E3337B /* AllFilmsRequest.swift */,
			);
			path = Requests;
			sourceTree = "<group>";
		};
		F9A9B17DA00BD90428294EB2 /* Pods */ = {
			isa = PBXGroup;
			children = (
				46C4864E0BB6D37C684EF1B7 /* Pods-AutoGraph.debug.xcconfig */,
				4F0E467203B1F2B77F41B678 /* Pods-AutoGraph.release.xcconfig */,
				5420221E40BA8E3E4804AC27 /* Pods-AutoGraph-AutoGraphTests.debug.xcconfig */,
				963F35AAE93DAC9E902B118F /* Pods-AutoGraph-AutoGraphTests.release.xcconfig */,
				68BA57291B4A9A6EDAC19E5D /* Pods-QueryBuilder.debug.xcconfig */,
				B24FAB69B04F19E707A8E68E /* Pods-QueryBuilder.release.xcconfig */,
				D4EF0EBB7CF7BFE7A843B4F0 /* Pods-QueryBuilder-QueryBuilderTests.debug.xcconfig */,
				0264D743B7EDB3CFDEBEC994 /* Pods-QueryBuilder-QueryBuilderTests.release.xcconfig */,
				9C37033F6759994DDEF49C94 /* Pods-AutoGraphQL.debug.xcconfig */,
				719B779D48913BB08BA56AAD /* Pods-AutoGraphQL.release.xcconfig */,
				A456FD3370B738F56D2706EA /* Pods-AutoGraphQL-AutoGraphTests.debug.xcconfig */,
				1C9100F88ADBF578533F392F /* Pods-AutoGraphQL-AutoGraphTests.release.xcconfig */,
				562ED5B876F75D9A6D542930 /* Pods-AutoGraphQL-AutoGraphRealmTests.debug.xcconfig */,
				6BAAABFB4EAAEC52F72AD808 /* Pods-AutoGraphQL-AutoGraphRealmTests.release.xcconfig */,
				859FD5EDB5F19DA4BC6C9346 /* Pods-AutoGraphQL-QueryBuilderTests.debug.xcconfig */,
				F62357AFD8BB4E8ADA456135 /* Pods-AutoGraphQL-QueryBuilderTests.release.xcconfig */,
				1CEDA185DC553823D127D91E /* Pods-AutoGraphQL-OperationExecutionTests.debug.xcconfig */,
				6D326BA102FB2075F1221EDE /* Pods-AutoGraphQL-OperationExecutionTests.release.xcconfig */,
				A7ACBFE1EBBCEF332AF66091 /* Pods-OperationExecution.debug.xcconfig */,
				FA7AA2F81C85460A7004C809 /* Pods-OperationExecution.release.xcconfig */,
			);
			name = Pods;
			sourceTree = "<group>";
		};
/* End PBXGroup section */

/* Begin PBXHeadersBuildPhase section */
		CD83558921CCFC030096810A /* Headers */ = {
			isa = PBXHeadersBuildPhase;
			buildActionMask = 2147483647;
			files = (
				CD83559E21CCFC040096810A /* OperationExecution.h in Headers */,
			);
			runOnlyForDeploymentPostprocessing = 0;
		};
		CDA62BF61DB16998004BA66D /* Headers */ = {
			isa = PBXHeadersBuildPhase;
			buildActionMask = 2147483647;
			files = (
				CDA62C0A1DB16999004BA66D /* AutoGraph.h in Headers */,
			);
			runOnlyForDeploymentPostprocessing = 0;
		};
		CDA62C181DB69ADE004BA66D /* Headers */ = {
			isa = PBXHeadersBuildPhase;
			buildActionMask = 2147483647;
			files = (
				CDA62C2B1DB69ADE004BA66D /* QueryBuilder.h in Headers */,
			);
			runOnlyForDeploymentPostprocessing = 0;
		};
/* End PBXHeadersBuildPhase section */

/* Begin PBXNativeTarget section */
		CD83558D21CCFC030096810A /* OperationExecution */ = {
			isa = PBXNativeTarget;
			buildConfigurationList = CD8355A321CCFC040096810A /* Build configuration list for PBXNativeTarget "OperationExecution" */;
			buildPhases = (
				0FE5FA274F3ABC9FEECACC14 /* [CP] Check Pods Manifest.lock */,
				CD83558921CCFC030096810A /* Headers */,
				CD83558A21CCFC030096810A /* Sources */,
				CD83558B21CCFC030096810A /* Frameworks */,
				CD83558C21CCFC030096810A /* Resources */,
			);
			buildRules = (
			);
			dependencies = (
			);
			name = OperationExecution;
			productName = OperationExecution;
			productReference = CD83558E21CCFC030096810A /* OperationExecution.framework */;
			productType = "com.apple.product-type.framework";
		};
		CD83559521CCFC040096810A /* OperationExecutionTests */ = {
			isa = PBXNativeTarget;
			buildConfigurationList = CD8355A421CCFC040096810A /* Build configuration list for PBXNativeTarget "OperationExecutionTests" */;
			buildPhases = (
				FCD66F8FF6BC937C3F7DC567 /* [CP] Check Pods Manifest.lock */,
				CD83559221CCFC040096810A /* Sources */,
				CD83559321CCFC040096810A /* Frameworks */,
				CD83559421CCFC040096810A /* Resources */,
				C27CF721B8420FFE194956BE /* [CP] Embed Pods Frameworks */,
			);
			buildRules = (
			);
			dependencies = (
				CD83559921CCFC040096810A /* PBXTargetDependency */,
			);
			name = OperationExecutionTests;
			productName = OperationExecutionTests;
			productReference = CD83559621CCFC040096810A /* OperationExecutionTests.xctest */;
			productType = "com.apple.product-type.bundle.unit-test";
		};
		CDA62BF81DB16998004BA66D /* AutoGraphQL */ = {
			isa = PBXNativeTarget;
			buildConfigurationList = CDA62C0D1DB16999004BA66D /* Build configuration list for PBXNativeTarget "AutoGraphQL" */;
			buildPhases = (
				013EF3B7BEB1A0D531FA3239 /* [CP] Check Pods Manifest.lock */,
				CD69EEAB2087B4B20067B371 /* Swiftlint */,
				CDA62BF41DB16998004BA66D /* Sources */,
				CDA62BF51DB16998004BA66D /* Frameworks */,
				CDA62BF61DB16998004BA66D /* Headers */,
				CDA62BF71DB16998004BA66D /* Resources */,
			);
			buildRules = (
			);
			dependencies = (
			);
			name = AutoGraphQL;
			productName = AutoGraph;
			productReference = CDA62BF91DB16998004BA66D /* AutoGraphQL.framework */;
			productType = "com.apple.product-type.framework";
		};
		CDA62C011DB16999004BA66D /* AutoGraphTests */ = {
			isa = PBXNativeTarget;
			buildConfigurationList = CDA62C101DB16999004BA66D /* Build configuration list for PBXNativeTarget "AutoGraphTests" */;
			buildPhases = (
				0E1B49F86A0FC193ABCEEA63 /* [CP] Check Pods Manifest.lock */,
				CDA62BFE1DB16999004BA66D /* Sources */,
				CDA62BFF1DB16999004BA66D /* Frameworks */,
				CDA62C001DB16999004BA66D /* Resources */,
				16B6BB10C7646705DB2DB290 /* [CP] Embed Pods Frameworks */,
			);
			buildRules = (
			);
			dependencies = (
				CDA62C051DB16999004BA66D /* PBXTargetDependency */,
			);
			name = AutoGraphTests;
			productName = AutoGraphTests;
			productReference = CDA62C021DB16999004BA66D /* AutoGraphTests.xctest */;
			productType = "com.apple.product-type.bundle.unit-test";
		};
		CDA62C1A1DB69ADE004BA66D /* QueryBuilder */ = {
			isa = PBXNativeTarget;
			buildConfigurationList = CDA62C2C1DB69ADE004BA66D /* Build configuration list for PBXNativeTarget "QueryBuilder" */;
			buildPhases = (
				4976992A014BB2B23F747153 /* [CP] Check Pods Manifest.lock */,
				CDA62C161DB69ADE004BA66D /* Sources */,
				CDA62C171DB69ADE004BA66D /* Frameworks */,
				CDA62C181DB69ADE004BA66D /* Headers */,
				CDA62C191DB69ADE004BA66D /* Resources */,
			);
			buildRules = (
			);
			dependencies = (
			);
			name = QueryBuilder;
			productName = QueryBuilder;
			productReference = CDA62C1B1DB69ADE004BA66D /* QueryBuilder.framework */;
			productType = "com.apple.product-type.framework";
		};
		CDA62C221DB69ADE004BA66D /* QueryBuilderTests */ = {
			isa = PBXNativeTarget;
			buildConfigurationList = CDA62C2F1DB69ADE004BA66D /* Build configuration list for PBXNativeTarget "QueryBuilderTests" */;
			buildPhases = (
				9E20E269BF428A225ACDD81E /* [CP] Check Pods Manifest.lock */,
				CDA62C1F1DB69ADE004BA66D /* Sources */,
				CDA62C201DB69ADE004BA66D /* Frameworks */,
				CDA62C211DB69ADE004BA66D /* Resources */,
				7B1AEEC26433BAF327C93B9B /* [CP] Embed Pods Frameworks */,
			);
			buildRules = (
			);
			dependencies = (
				CDB82A0020FEE23300BAC7BD /* PBXTargetDependency */,
			);
			name = QueryBuilderTests;
			productName = QueryBuilderTests;
			productReference = CDA62C231DB69ADE004BA66D /* QueryBuilderTests.xctest */;
			productType = "com.apple.product-type.bundle.unit-test";
		};
/* End PBXNativeTarget section */

/* Begin PBXProject section */
		CDA62BF01DB16998004BA66D /* Project object */ = {
			isa = PBXProject;
			attributes = {
				LastSwiftUpdateCheck = 1010;
				LastUpgradeCheck = 0930;
				ORGANIZATIONNAME = Remind;
				TargetAttributes = {
					CD83558D21CCFC030096810A = {
						CreatedOnToolsVersion = 10.1;
						DevelopmentTeam = Q8MPH9LCNM;
						ProvisioningStyle = Automatic;
					};
					CD83559521CCFC040096810A = {
						CreatedOnToolsVersion = 10.1;
						DevelopmentTeam = Q8MPH9LCNM;
						ProvisioningStyle = Automatic;
					};
					CDA62BF81DB16998004BA66D = {
						CreatedOnToolsVersion = 8.0;
						LastSwiftMigration = 1010;
						ProvisioningStyle = Automatic;
					};
					CDA62C011DB16999004BA66D = {
						CreatedOnToolsVersion = 8.0;
						LastSwiftMigration = 1010;
						ProvisioningStyle = Automatic;
					};
					CDA62C1A1DB69ADE004BA66D = {
						CreatedOnToolsVersion = 8.0;
						LastSwiftMigration = 0900;
						ProvisioningStyle = Automatic;
					};
					CDA62C221DB69ADE004BA66D = {
						CreatedOnToolsVersion = 8.0;
						LastSwiftMigration = 1010;
						ProvisioningStyle = Automatic;
					};
				};
			};
			buildConfigurationList = CDA62BF31DB16998004BA66D /* Build configuration list for PBXProject "AutoGraph" */;
			compatibilityVersion = "Xcode 3.2";
			developmentRegion = English;
			hasScannedForEncodings = 0;
			knownRegions = (
				en,
			);
			mainGroup = CDA62BEF1DB16998004BA66D;
			productRefGroup = CDA62BFA1DB16998004BA66D /* Products */;
			projectDirPath = "";
			projectRoot = "";
			targets = (
				CDA62BF81DB16998004BA66D /* AutoGraphQL */,
				CDA62C011DB16999004BA66D /* AutoGraphTests */,
				CD83558D21CCFC030096810A /* OperationExecution */,
				CD83559521CCFC040096810A /* OperationExecutionTests */,
				CDA62C1A1DB69ADE004BA66D /* QueryBuilder */,
				CDA62C221DB69ADE004BA66D /* QueryBuilderTests */,
			);
		};
/* End PBXProject section */

/* Begin PBXResourcesBuildPhase section */
		CD83558C21CCFC030096810A /* Resources */ = {
			isa = PBXResourcesBuildPhase;
			buildActionMask = 2147483647;
			files = (
			);
			runOnlyForDeploymentPostprocessing = 0;
		};
		CD83559421CCFC040096810A /* Resources */ = {
			isa = PBXResourcesBuildPhase;
			buildActionMask = 2147483647;
			files = (
			);
			runOnlyForDeploymentPostprocessing = 0;
		};
		CDA62BF71DB16998004BA66D /* Resources */ = {
			isa = PBXResourcesBuildPhase;
			buildActionMask = 2147483647;
			files = (
			);
			runOnlyForDeploymentPostprocessing = 0;
		};
		CDA62C001DB16999004BA66D /* Resources */ = {
			isa = PBXResourcesBuildPhase;
			buildActionMask = 2147483647;
			files = (
				CDB829F020F9870100BAC7BD /* AllFilms.json in Resources */,
				CDB829F320F9870100BAC7BD /* Film401.json in Resources */,
				CDB829F220F9870100BAC7BD /* Film.json in Resources */,
				CDB829F120F9870100BAC7BD /* VariableFilm.json in Resources */,
			);
			runOnlyForDeploymentPostprocessing = 0;
		};
		CDA62C191DB69ADE004BA66D /* Resources */ = {
			isa = PBXResourcesBuildPhase;
			buildActionMask = 2147483647;
			files = (
			);
			runOnlyForDeploymentPostprocessing = 0;
		};
		CDA62C211DB69ADE004BA66D /* Resources */ = {
			isa = PBXResourcesBuildPhase;
			buildActionMask = 2147483647;
			files = (
			);
			runOnlyForDeploymentPostprocessing = 0;
		};
/* End PBXResourcesBuildPhase section */

/* Begin PBXShellScriptBuildPhase section */
		013EF3B7BEB1A0D531FA3239 /* [CP] Check Pods Manifest.lock */ = {
			isa = PBXShellScriptBuildPhase;
			buildActionMask = 2147483647;
			files = (
			);
			inputPaths = (
				"${PODS_PODFILE_DIR_PATH}/Podfile.lock",
				"${PODS_ROOT}/Manifest.lock",
			);
			name = "[CP] Check Pods Manifest.lock";
			outputPaths = (
				"$(DERIVED_FILE_DIR)/Pods-AutoGraphQL-checkManifestLockResult.txt",
			);
			runOnlyForDeploymentPostprocessing = 0;
			shellPath = /bin/sh;
			shellScript = "diff \"${PODS_PODFILE_DIR_PATH}/Podfile.lock\" \"${PODS_ROOT}/Manifest.lock\" > /dev/null\nif [ $? != 0 ] ; then\n    # print error to STDERR\n    echo \"error: The sandbox is not in sync with the Podfile.lock. Run 'pod install' or update your CocoaPods installation.\" >&2\n    exit 1\nfi\n# This output is used by Xcode 'outputs' to avoid re-running this script phase.\necho \"SUCCESS\" > \"${SCRIPT_OUTPUT_FILE_0}\"\n";
			showEnvVarsInLog = 0;
		};
		0E1B49F86A0FC193ABCEEA63 /* [CP] Check Pods Manifest.lock */ = {
			isa = PBXShellScriptBuildPhase;
			buildActionMask = 2147483647;
			files = (
			);
			inputPaths = (
				"${PODS_PODFILE_DIR_PATH}/Podfile.lock",
				"${PODS_ROOT}/Manifest.lock",
			);
			name = "[CP] Check Pods Manifest.lock";
			outputPaths = (
				"$(DERIVED_FILE_DIR)/Pods-AutoGraphQL-AutoGraphTests-checkManifestLockResult.txt",
			);
			runOnlyForDeploymentPostprocessing = 0;
			shellPath = /bin/sh;
			shellScript = "diff \"${PODS_PODFILE_DIR_PATH}/Podfile.lock\" \"${PODS_ROOT}/Manifest.lock\" > /dev/null\nif [ $? != 0 ] ; then\n    # print error to STDERR\n    echo \"error: The sandbox is not in sync with the Podfile.lock. Run 'pod install' or update your CocoaPods installation.\" >&2\n    exit 1\nfi\n# This output is used by Xcode 'outputs' to avoid re-running this script phase.\necho \"SUCCESS\" > \"${SCRIPT_OUTPUT_FILE_0}\"\n";
			showEnvVarsInLog = 0;
		};
		0FE5FA274F3ABC9FEECACC14 /* [CP] Check Pods Manifest.lock */ = {
			isa = PBXShellScriptBuildPhase;
			buildActionMask = 2147483647;
			files = (
			);
			inputPaths = (
				"${PODS_PODFILE_DIR_PATH}/Podfile.lock",
				"${PODS_ROOT}/Manifest.lock",
			);
			name = "[CP] Check Pods Manifest.lock";
			outputPaths = (
				"$(DERIVED_FILE_DIR)/Pods-OperationExecution-checkManifestLockResult.txt",
			);
			runOnlyForDeploymentPostprocessing = 0;
			shellPath = /bin/sh;
			shellScript = "diff \"${PODS_PODFILE_DIR_PATH}/Podfile.lock\" \"${PODS_ROOT}/Manifest.lock\" > /dev/null\nif [ $? != 0 ] ; then\n    # print error to STDERR\n    echo \"error: The sandbox is not in sync with the Podfile.lock. Run 'pod install' or update your CocoaPods installation.\" >&2\n    exit 1\nfi\n# This output is used by Xcode 'outputs' to avoid re-running this script phase.\necho \"SUCCESS\" > \"${SCRIPT_OUTPUT_FILE_0}\"\n";
			showEnvVarsInLog = 0;
		};
		16B6BB10C7646705DB2DB290 /* [CP] Embed Pods Frameworks */ = {
			isa = PBXShellScriptBuildPhase;
			buildActionMask = 2147483647;
			files = (
			);
			inputPaths = (
				"${SRCROOT}/Pods/Target Support Files/Pods-AutoGraphQL-AutoGraphTests/Pods-AutoGraphQL-AutoGraphTests-frameworks.sh",
				"${BUILT_PRODUCTS_DIR}/Alamofire/Alamofire.framework",
				"${BUILT_PRODUCTS_DIR}/JSONValueRX/JSONValueRX.framework",
			);
			name = "[CP] Embed Pods Frameworks";
			outputPaths = (
				"${TARGET_BUILD_DIR}/${FRAMEWORKS_FOLDER_PATH}/Alamofire.framework",
				"${TARGET_BUILD_DIR}/${FRAMEWORKS_FOLDER_PATH}/JSONValueRX.framework",
			);
			runOnlyForDeploymentPostprocessing = 0;
			shellPath = /bin/sh;
			shellScript = "\"${SRCROOT}/Pods/Target Support Files/Pods-AutoGraphQL-AutoGraphTests/Pods-AutoGraphQL-AutoGraphTests-frameworks.sh\"\n";
			showEnvVarsInLog = 0;
		};
		4976992A014BB2B23F747153 /* [CP] Check Pods Manifest.lock */ = {
			isa = PBXShellScriptBuildPhase;
			buildActionMask = 2147483647;
			files = (
			);
			inputPaths = (
				"${PODS_PODFILE_DIR_PATH}/Podfile.lock",
				"${PODS_ROOT}/Manifest.lock",
			);
			name = "[CP] Check Pods Manifest.lock";
			outputPaths = (
				"$(DERIVED_FILE_DIR)/Pods-QueryBuilder-checkManifestLockResult.txt",
			);
			runOnlyForDeploymentPostprocessing = 0;
			shellPath = /bin/sh;
			shellScript = "diff \"${PODS_PODFILE_DIR_PATH}/Podfile.lock\" \"${PODS_ROOT}/Manifest.lock\" > /dev/null\nif [ $? != 0 ] ; then\n    # print error to STDERR\n    echo \"error: The sandbox is not in sync with the Podfile.lock. Run 'pod install' or update your CocoaPods installation.\" >&2\n    exit 1\nfi\n# This output is used by Xcode 'outputs' to avoid re-running this script phase.\necho \"SUCCESS\" > \"${SCRIPT_OUTPUT_FILE_0}\"\n";
			showEnvVarsInLog = 0;
		};
		7B1AEEC26433BAF327C93B9B /* [CP] Embed Pods Frameworks */ = {
			isa = PBXShellScriptBuildPhase;
			buildActionMask = 2147483647;
			files = (
			);
			inputPaths = (
				"${SRCROOT}/Pods/Target Support Files/Pods-AutoGraphQL-QueryBuilderTests/Pods-AutoGraphQL-QueryBuilderTests-frameworks.sh",
				"${BUILT_PRODUCTS_DIR}/Alamofire/Alamofire.framework",
				"${BUILT_PRODUCTS_DIR}/JSONValueRX/JSONValueRX.framework",
			);
			name = "[CP] Embed Pods Frameworks";
			outputPaths = (
				"${TARGET_BUILD_DIR}/${FRAMEWORKS_FOLDER_PATH}/Alamofire.framework",
				"${TARGET_BUILD_DIR}/${FRAMEWORKS_FOLDER_PATH}/JSONValueRX.framework",
			);
			runOnlyForDeploymentPostprocessing = 0;
			shellPath = /bin/sh;
			shellScript = "\"${SRCROOT}/Pods/Target Support Files/Pods-AutoGraphQL-QueryBuilderTests/Pods-AutoGraphQL-QueryBuilderTests-frameworks.sh\"\n";
			showEnvVarsInLog = 0;
		};
		9E20E269BF428A225ACDD81E /* [CP] Check Pods Manifest.lock */ = {
			isa = PBXShellScriptBuildPhase;
			buildActionMask = 2147483647;
			files = (
			);
			inputPaths = (
				"${PODS_PODFILE_DIR_PATH}/Podfile.lock",
				"${PODS_ROOT}/Manifest.lock",
			);
			name = "[CP] Check Pods Manifest.lock";
			outputPaths = (
				"$(DERIVED_FILE_DIR)/Pods-AutoGraphQL-QueryBuilderTests-checkManifestLockResult.txt",
			);
			runOnlyForDeploymentPostprocessing = 0;
			shellPath = /bin/sh;
			shellScript = "diff \"${PODS_PODFILE_DIR_PATH}/Podfile.lock\" \"${PODS_ROOT}/Manifest.lock\" > /dev/null\nif [ $? != 0 ] ; then\n    # print error to STDERR\n    echo \"error: The sandbox is not in sync with the Podfile.lock. Run 'pod install' or update your CocoaPods installation.\" >&2\n    exit 1\nfi\n# This output is used by Xcode 'outputs' to avoid re-running this script phase.\necho \"SUCCESS\" > \"${SCRIPT_OUTPUT_FILE_0}\"\n";
			showEnvVarsInLog = 0;
		};
		C27CF721B8420FFE194956BE /* [CP] Embed Pods Frameworks */ = {
			isa = PBXShellScriptBuildPhase;
			buildActionMask = 2147483647;
			files = (
			);
			inputPaths = (
				"${SRCROOT}/Pods/Target Support Files/Pods-AutoGraphQL-OperationExecutionTests/Pods-AutoGraphQL-OperationExecutionTests-frameworks.sh",
				"${BUILT_PRODUCTS_DIR}/Alamofire/Alamofire.framework",
				"${BUILT_PRODUCTS_DIR}/JSONValueRX/JSONValueRX.framework",
			);
			name = "[CP] Embed Pods Frameworks";
			outputPaths = (
				"${TARGET_BUILD_DIR}/${FRAMEWORKS_FOLDER_PATH}/Alamofire.framework",
				"${TARGET_BUILD_DIR}/${FRAMEWORKS_FOLDER_PATH}/JSONValueRX.framework",
			);
			runOnlyForDeploymentPostprocessing = 0;
			shellPath = /bin/sh;
			shellScript = "\"${SRCROOT}/Pods/Target Support Files/Pods-AutoGraphQL-OperationExecutionTests/Pods-AutoGraphQL-OperationExecutionTests-frameworks.sh\"\n";
			showEnvVarsInLog = 0;
		};
		CD69EEAB2087B4B20067B371 /* Swiftlint */ = {
			isa = PBXShellScriptBuildPhase;
			buildActionMask = 2147483647;
			files = (
			);
			inputPaths = (
			);
			name = Swiftlint;
			outputPaths = (
			);
			runOnlyForDeploymentPostprocessing = 0;
			shellPath = /bin/sh;
			shellScript = "if which swiftlint >/dev/null; then\nswiftlint\nelse\necho \"warning: SwiftLint not installed, download from https://github.com/realm/SwiftLint\"\nfi";
		};
		FCD66F8FF6BC937C3F7DC567 /* [CP] Check Pods Manifest.lock */ = {
			isa = PBXShellScriptBuildPhase;
			buildActionMask = 2147483647;
			files = (
			);
			inputPaths = (
				"${PODS_PODFILE_DIR_PATH}/Podfile.lock",
				"${PODS_ROOT}/Manifest.lock",
			);
			name = "[CP] Check Pods Manifest.lock";
			outputPaths = (
				"$(DERIVED_FILE_DIR)/Pods-AutoGraphQL-OperationExecutionTests-checkManifestLockResult.txt",
			);
			runOnlyForDeploymentPostprocessing = 0;
			shellPath = /bin/sh;
			shellScript = "diff \"${PODS_PODFILE_DIR_PATH}/Podfile.lock\" \"${PODS_ROOT}/Manifest.lock\" > /dev/null\nif [ $? != 0 ] ; then\n    # print error to STDERR\n    echo \"error: The sandbox is not in sync with the Podfile.lock. Run 'pod install' or update your CocoaPods installation.\" >&2\n    exit 1\nfi\n# This output is used by Xcode 'outputs' to avoid re-running this script phase.\necho \"SUCCESS\" > \"${SCRIPT_OUTPUT_FILE_0}\"\n";
			showEnvVarsInLog = 0;
		};
/* End PBXShellScriptBuildPhase section */

/* Begin PBXSourcesBuildPhase section */
		CD83558A21CCFC030096810A /* Sources */ = {
			isa = PBXSourcesBuildPhase;
			buildActionMask = 2147483647;
			files = (
			);
			runOnlyForDeploymentPostprocessing = 0;
		};
		CD83559221CCFC040096810A /* Sources */ = {
			isa = PBXSourcesBuildPhase;
			buildActionMask = 2147483647;
			files = (
				CD83559C21CCFC040096810A /* OperationExecutionTests.swift in Sources */,
			);
			runOnlyForDeploymentPostprocessing = 0;
		};
		CDA62BF41DB16998004BA66D /* Sources */ = {
			isa = PBXSourcesBuildPhase;
			buildActionMask = 2147483647;
			files = (
				CD3BFF251E1DE6F6008CE41A /* FoundationExtensions.swift in Sources */,
				CD3BFF3F1E22D3E5008CE41A /* AlamofireClient.swift in Sources */,
				CD3BFF2E1E205D74008CE41A /* AuthHandler.swift in Sources */,
				CD3BFF241E1DE6EE008CE41A /* QueryDSL.swift in Sources */,
				CD3BFF2C1E2021D3008CE41A /* Dispatcher.swift in Sources */,
				CDBEBEAC1E1CB5E80029909A /* Utilities.swift in Sources */,
				CD3BFF301E22D0D8008CE41A /* ResponseHandler.swift in Sources */,
				CDFFEBC71E6788C100685110 /* Request.swift in Sources */,
				CDBEBEAA1E1CB1400029909A /* Errors.swift in Sources */,
				CDE3C71D1E00C28300AB4EB1 /* AutoGraph.swift in Sources */,
			);
			runOnlyForDeploymentPostprocessing = 0;
		};
		CDA62BFE1DB16999004BA66D /* Sources */ = {
			isa = PBXSourcesBuildPhase;
			buildActionMask = 2147483647;
			files = (
				CDC393CF1E23235800BA6D5E /* AlamofireClientTests.swift in Sources */,
				CD5244531E70EC6B0040771D /* ErrorTests.swift in Sources */,
				CDE3C7231E00C4A700AB4EB1 /* Stub.swift in Sources */,
				AE6477EE218208FB00E3337B /* AllFilmsRequest.swift in Sources */,
				CDB829F620F9870100BAC7BD /* FilmRequest.swift in Sources */,
				CDC393D11E232BD600BA6D5E /* AuthHandlerTests.swift in Sources */,
				CDC393D31E232D2400BA6D5E /* DispatcherTests.swift in Sources */,
				CDB829EF20F9870100BAC7BD /* Film.swift in Sources */,
				CD3BFF321E22D1EC008CE41A /* ResponseHandlerTests.swift in Sources */,
				CDB829DF20F9864800BAC7BD /* AutoGraphTests.swift in Sources */,
			);
			runOnlyForDeploymentPostprocessing = 0;
		};
		CDA62C161DB69ADE004BA66D /* Sources */ = {
			isa = PBXSourcesBuildPhase;
			buildActionMask = 2147483647;
			files = (
				CDA62C351DB69F4E004BA66D /* FoundationExtensions.swift in Sources */,
				CDA62C331DB69B15004BA66D /* QueryDSL.swift in Sources */,
			);
			runOnlyForDeploymentPostprocessing = 0;
		};
		CDA62C1F1DB69ADE004BA66D /* Sources */ = {
			isa = PBXSourcesBuildPhase;
			buildActionMask = 2147483647;
			files = (
				CDA62C391DB6A586004BA66D /* FoundationExtensionsTests.swift in Sources */,
				CDA62C291DB69ADE004BA66D /* QueryBuilderTests.swift in Sources */,
			);
			runOnlyForDeploymentPostprocessing = 0;
		};
/* End PBXSourcesBuildPhase section */

/* Begin PBXTargetDependency section */
		CD83559921CCFC040096810A /* PBXTargetDependency */ = {
			isa = PBXTargetDependency;
			target = CD83558D21CCFC030096810A /* OperationExecution */;
			targetProxy = CD83559821CCFC040096810A /* PBXContainerItemProxy */;
		};
		CDA62C051DB16999004BA66D /* PBXTargetDependency */ = {
			isa = PBXTargetDependency;
			target = CDA62BF81DB16998004BA66D /* AutoGraphQL */;
			targetProxy = CDA62C041DB16999004BA66D /* PBXContainerItemProxy */;
		};
		CDB82A0020FEE23300BAC7BD /* PBXTargetDependency */ = {
			isa = PBXTargetDependency;
			target = CDA62BF81DB16998004BA66D /* AutoGraphQL */;
			targetProxy = CDB829FF20FEE23300BAC7BD /* PBXContainerItemProxy */;
		};
/* End PBXTargetDependency section */

/* Begin XCBuildConfiguration section */
		CD83559F21CCFC040096810A /* Debug */ = {
			isa = XCBuildConfiguration;
			baseConfigurationReference = A7ACBFE1EBBCEF332AF66091 /* Pods-OperationExecution.debug.xcconfig */;
			buildSettings = {
				CLANG_ANALYZER_NUMBER_OBJECT_CONVERSION = YES_AGGRESSIVE;
				CLANG_CXX_LANGUAGE_STANDARD = "gnu++14";
				CLANG_ENABLE_OBJC_WEAK = YES;
				CLANG_WARN_UNGUARDED_AVAILABILITY = YES_AGGRESSIVE;
				CODE_SIGN_IDENTITY = "iPhone Developer";
				CODE_SIGN_STYLE = Automatic;
				DEFINES_MODULE = YES;
				DEVELOPMENT_TEAM = Q8MPH9LCNM;
				DYLIB_COMPATIBILITY_VERSION = 1;
				DYLIB_CURRENT_VERSION = 1;
				DYLIB_INSTALL_NAME_BASE = "@rpath";
				GCC_C_LANGUAGE_STANDARD = gnu11;
				INFOPLIST_FILE = OperationExecution/Info.plist;
				INSTALL_PATH = "$(LOCAL_LIBRARY_DIR)/Frameworks";
				IPHONEOS_DEPLOYMENT_TARGET = 12.1;
				LD_RUNPATH_SEARCH_PATHS = "$(inherited) @executable_path/Frameworks @loader_path/Frameworks";
				MTL_ENABLE_DEBUG_INFO = INCLUDE_SOURCE;
				MTL_FAST_MATH = YES;
				PRODUCT_BUNDLE_IDENTIFIER = com.remind.OperationExecution;
				PRODUCT_NAME = "$(TARGET_NAME:c99extidentifier)";
				SKIP_INSTALL = YES;
				SWIFT_VERSION = 4.2;
				TARGETED_DEVICE_FAMILY = "1,2";
			};
			name = Debug;
		};
		CD8355A021CCFC040096810A /* Release */ = {
			isa = XCBuildConfiguration;
			baseConfigurationReference = FA7AA2F81C85460A7004C809 /* Pods-OperationExecution.release.xcconfig */;
			buildSettings = {
				CLANG_ANALYZER_NUMBER_OBJECT_CONVERSION = YES_AGGRESSIVE;
				CLANG_CXX_LANGUAGE_STANDARD = "gnu++14";
				CLANG_ENABLE_OBJC_WEAK = YES;
				CLANG_WARN_UNGUARDED_AVAILABILITY = YES_AGGRESSIVE;
				CODE_SIGN_IDENTITY = "iPhone Developer";
				CODE_SIGN_STYLE = Automatic;
				DEFINES_MODULE = YES;
				DEVELOPMENT_TEAM = Q8MPH9LCNM;
				DYLIB_COMPATIBILITY_VERSION = 1;
				DYLIB_CURRENT_VERSION = 1;
				DYLIB_INSTALL_NAME_BASE = "@rpath";
				GCC_C_LANGUAGE_STANDARD = gnu11;
				INFOPLIST_FILE = OperationExecution/Info.plist;
				INSTALL_PATH = "$(LOCAL_LIBRARY_DIR)/Frameworks";
				IPHONEOS_DEPLOYMENT_TARGET = 12.1;
				LD_RUNPATH_SEARCH_PATHS = "$(inherited) @executable_path/Frameworks @loader_path/Frameworks";
				MTL_FAST_MATH = YES;
				PRODUCT_BUNDLE_IDENTIFIER = com.remind.OperationExecution;
				PRODUCT_NAME = "$(TARGET_NAME:c99extidentifier)";
				SKIP_INSTALL = YES;
				SWIFT_VERSION = 4.2;
				TARGETED_DEVICE_FAMILY = "1,2";
			};
			name = Release;
		};
		CD8355A121CCFC040096810A /* Debug */ = {
			isa = XCBuildConfiguration;
			baseConfigurationReference = 1CEDA185DC553823D127D91E /* Pods-AutoGraphQL-OperationExecutionTests.debug.xcconfig */;
			buildSettings = {
				CLANG_ANALYZER_NUMBER_OBJECT_CONVERSION = YES_AGGRESSIVE;
				CLANG_CXX_LANGUAGE_STANDARD = "gnu++14";
				CLANG_ENABLE_OBJC_WEAK = YES;
				CLANG_WARN_UNGUARDED_AVAILABILITY = YES_AGGRESSIVE;
				CODE_SIGN_IDENTITY = "iPhone Developer";
				CODE_SIGN_STYLE = Automatic;
				DEVELOPMENT_TEAM = Q8MPH9LCNM;
				GCC_C_LANGUAGE_STANDARD = gnu11;
				INFOPLIST_FILE = OperationExecutionTests/Info.plist;
				IPHONEOS_DEPLOYMENT_TARGET = 12.1;
				LD_RUNPATH_SEARCH_PATHS = "$(inherited) @executable_path/Frameworks @loader_path/Frameworks";
				MTL_ENABLE_DEBUG_INFO = INCLUDE_SOURCE;
				MTL_FAST_MATH = YES;
				PRODUCT_BUNDLE_IDENTIFIER = com.remind.OperationExecutionTests;
				PRODUCT_NAME = "$(TARGET_NAME)";
				SWIFT_VERSION = 4.2;
				TARGETED_DEVICE_FAMILY = "1,2";
			};
			name = Debug;
		};
		CD8355A221CCFC040096810A /* Release */ = {
			isa = XCBuildConfiguration;
			baseConfigurationReference = 6D326BA102FB2075F1221EDE /* Pods-AutoGraphQL-OperationExecutionTests.release.xcconfig */;
			buildSettings = {
				CLANG_ANALYZER_NUMBER_OBJECT_CONVERSION = YES_AGGRESSIVE;
				CLANG_CXX_LANGUAGE_STANDARD = "gnu++14";
				CLANG_ENABLE_OBJC_WEAK = YES;
				CLANG_WARN_UNGUARDED_AVAILABILITY = YES_AGGRESSIVE;
				CODE_SIGN_IDENTITY = "iPhone Developer";
				CODE_SIGN_STYLE = Automatic;
				DEVELOPMENT_TEAM = Q8MPH9LCNM;
				GCC_C_LANGUAGE_STANDARD = gnu11;
				INFOPLIST_FILE = OperationExecutionTests/Info.plist;
				IPHONEOS_DEPLOYMENT_TARGET = 12.1;
				LD_RUNPATH_SEARCH_PATHS = "$(inherited) @executable_path/Frameworks @loader_path/Frameworks";
				MTL_FAST_MATH = YES;
				PRODUCT_BUNDLE_IDENTIFIER = com.remind.OperationExecutionTests;
				PRODUCT_NAME = "$(TARGET_NAME)";
				SWIFT_VERSION = 4.2;
				TARGETED_DEVICE_FAMILY = "1,2";
			};
			name = Release;
		};
		CDA62C0B1DB16999004BA66D /* Debug */ = {
			isa = XCBuildConfiguration;
			buildSettings = {
				ALWAYS_SEARCH_USER_PATHS = NO;
				CLANG_ANALYZER_NONNULL = YES;
				CLANG_CXX_LANGUAGE_STANDARD = "gnu++0x";
				CLANG_CXX_LIBRARY = "libc++";
				CLANG_ENABLE_MODULES = YES;
				CLANG_ENABLE_OBJC_ARC = YES;
				CLANG_WARN_BLOCK_CAPTURE_AUTORELEASING = YES;
				CLANG_WARN_BOOL_CONVERSION = YES;
				CLANG_WARN_COMMA = YES;
				CLANG_WARN_CONSTANT_CONVERSION = YES;
				CLANG_WARN_DEPRECATED_OBJC_IMPLEMENTATIONS = YES;
				CLANG_WARN_DIRECT_OBJC_ISA_USAGE = YES_ERROR;
				CLANG_WARN_DOCUMENTATION_COMMENTS = YES;
				CLANG_WARN_EMPTY_BODY = YES;
				CLANG_WARN_ENUM_CONVERSION = YES;
				CLANG_WARN_INFINITE_RECURSION = YES;
				CLANG_WARN_INT_CONVERSION = YES;
				CLANG_WARN_NON_LITERAL_NULL_CONVERSION = YES;
				CLANG_WARN_OBJC_IMPLICIT_RETAIN_SELF = YES;
				CLANG_WARN_OBJC_LITERAL_CONVERSION = YES;
				CLANG_WARN_OBJC_ROOT_CLASS = YES_ERROR;
				CLANG_WARN_RANGE_LOOP_ANALYSIS = YES;
				CLANG_WARN_STRICT_PROTOTYPES = YES;
				CLANG_WARN_SUSPICIOUS_MOVE = YES;
				CLANG_WARN_SUSPICIOUS_MOVES = YES;
				CLANG_WARN_UNREACHABLE_CODE = YES;
				CLANG_WARN__DUPLICATE_METHOD_MATCH = YES;
				"CODE_SIGN_IDENTITY[sdk=iphoneos*]" = "iPhone Developer";
				COPY_PHASE_STRIP = NO;
				CURRENT_PROJECT_VERSION = 1;
				DEBUG_INFORMATION_FORMAT = dwarf;
				ENABLE_STRICT_OBJC_MSGSEND = YES;
				ENABLE_TESTABILITY = YES;
				GCC_C_LANGUAGE_STANDARD = gnu99;
				GCC_DYNAMIC_NO_PIC = NO;
				GCC_NO_COMMON_BLOCKS = YES;
				GCC_OPTIMIZATION_LEVEL = 0;
				GCC_PREPROCESSOR_DEFINITIONS = (
					"DEBUG=1",
					"$(inherited)",
				);
				GCC_WARN_64_TO_32_BIT_CONVERSION = YES;
				GCC_WARN_ABOUT_RETURN_TYPE = YES_ERROR;
				GCC_WARN_UNDECLARED_SELECTOR = YES;
				GCC_WARN_UNINITIALIZED_AUTOS = YES_AGGRESSIVE;
				GCC_WARN_UNUSED_FUNCTION = YES;
				GCC_WARN_UNUSED_VARIABLE = YES;
				IPHONEOS_DEPLOYMENT_TARGET = 8.0;
				MTL_ENABLE_DEBUG_INFO = YES;
				ONLY_ACTIVE_ARCH = YES;
				SDKROOT = iphoneos;
				SWIFT_ACTIVE_COMPILATION_CONDITIONS = DEBUG;
				SWIFT_OPTIMIZATION_LEVEL = "-Onone";
				TARGETED_DEVICE_FAMILY = "1,2";
				VERSIONING_SYSTEM = "apple-generic";
				VERSION_INFO_PREFIX = "";
			};
			name = Debug;
		};
		CDA62C0C1DB16999004BA66D /* Release */ = {
			isa = XCBuildConfiguration;
			buildSettings = {
				ALWAYS_SEARCH_USER_PATHS = NO;
				CLANG_ANALYZER_NONNULL = YES;
				CLANG_CXX_LANGUAGE_STANDARD = "gnu++0x";
				CLANG_CXX_LIBRARY = "libc++";
				CLANG_ENABLE_MODULES = YES;
				CLANG_ENABLE_OBJC_ARC = YES;
				CLANG_WARN_BLOCK_CAPTURE_AUTORELEASING = YES;
				CLANG_WARN_BOOL_CONVERSION = YES;
				CLANG_WARN_COMMA = YES;
				CLANG_WARN_CONSTANT_CONVERSION = YES;
				CLANG_WARN_DEPRECATED_OBJC_IMPLEMENTATIONS = YES;
				CLANG_WARN_DIRECT_OBJC_ISA_USAGE = YES_ERROR;
				CLANG_WARN_DOCUMENTATION_COMMENTS = YES;
				CLANG_WARN_EMPTY_BODY = YES;
				CLANG_WARN_ENUM_CONVERSION = YES;
				CLANG_WARN_INFINITE_RECURSION = YES;
				CLANG_WARN_INT_CONVERSION = YES;
				CLANG_WARN_NON_LITERAL_NULL_CONVERSION = YES;
				CLANG_WARN_OBJC_IMPLICIT_RETAIN_SELF = YES;
				CLANG_WARN_OBJC_LITERAL_CONVERSION = YES;
				CLANG_WARN_OBJC_ROOT_CLASS = YES_ERROR;
				CLANG_WARN_RANGE_LOOP_ANALYSIS = YES;
				CLANG_WARN_STRICT_PROTOTYPES = YES;
				CLANG_WARN_SUSPICIOUS_MOVE = YES;
				CLANG_WARN_SUSPICIOUS_MOVES = YES;
				CLANG_WARN_UNREACHABLE_CODE = YES;
				CLANG_WARN__DUPLICATE_METHOD_MATCH = YES;
				"CODE_SIGN_IDENTITY[sdk=iphoneos*]" = "iPhone Developer";
				COPY_PHASE_STRIP = NO;
				CURRENT_PROJECT_VERSION = 1;
				DEBUG_INFORMATION_FORMAT = "dwarf-with-dsym";
				ENABLE_NS_ASSERTIONS = NO;
				ENABLE_STRICT_OBJC_MSGSEND = YES;
				GCC_C_LANGUAGE_STANDARD = gnu99;
				GCC_NO_COMMON_BLOCKS = YES;
				GCC_WARN_64_TO_32_BIT_CONVERSION = YES;
				GCC_WARN_ABOUT_RETURN_TYPE = YES_ERROR;
				GCC_WARN_UNDECLARED_SELECTOR = YES;
				GCC_WARN_UNINITIALIZED_AUTOS = YES_AGGRESSIVE;
				GCC_WARN_UNUSED_FUNCTION = YES;
				GCC_WARN_UNUSED_VARIABLE = YES;
				IPHONEOS_DEPLOYMENT_TARGET = 8.0;
				MTL_ENABLE_DEBUG_INFO = NO;
				SDKROOT = iphoneos;
				SWIFT_OPTIMIZATION_LEVEL = "-Owholemodule";
				TARGETED_DEVICE_FAMILY = "1,2";
				VALIDATE_PRODUCT = YES;
				VERSIONING_SYSTEM = "apple-generic";
				VERSION_INFO_PREFIX = "";
			};
			name = Release;
		};
		CDA62C0E1DB16999004BA66D /* Debug */ = {
			isa = XCBuildConfiguration;
			baseConfigurationReference = 9C37033F6759994DDEF49C94 /* Pods-AutoGraphQL.debug.xcconfig */;
			buildSettings = {
				ALWAYS_EMBED_SWIFT_STANDARD_LIBRARIES = "$(inherited)";
				CLANG_ENABLE_MODULES = YES;
				CLANG_ENABLE_MODULE_DEBUGGING = YES;
				CODE_SIGN_IDENTITY = "";
				DEFINES_MODULE = YES;
				DYLIB_COMPATIBILITY_VERSION = 1;
				DYLIB_CURRENT_VERSION = 1;
				DYLIB_INSTALL_NAME_BASE = "@rpath";
				FRAMEWORK_SEARCH_PATHS = "$(inherited)";
				INFOPLIST_FILE = AutoGraph/Info.plist;
				INSTALL_PATH = "$(LOCAL_LIBRARY_DIR)/Frameworks";
				LD_RUNPATH_SEARCH_PATHS = "$(inherited) @executable_path/Frameworks @loader_path/Frameworks";
				PRODUCT_BUNDLE_IDENTIFIER = Remind.AutoGraph;
				PRODUCT_NAME = "$(TARGET_NAME)";
				SKIP_INSTALL = YES;
				SWIFT_OPTIMIZATION_LEVEL = "-Onone";
				SWIFT_VERSION = 4.2;
			};
			name = Debug;
		};
		CDA62C0F1DB16999004BA66D /* Release */ = {
			isa = XCBuildConfiguration;
			baseConfigurationReference = 719B779D48913BB08BA56AAD /* Pods-AutoGraphQL.release.xcconfig */;
			buildSettings = {
				ALWAYS_EMBED_SWIFT_STANDARD_LIBRARIES = "$(inherited)";
				CLANG_ENABLE_MODULES = YES;
				CLANG_ENABLE_MODULE_DEBUGGING = YES;
				CODE_SIGN_IDENTITY = "";
				DEFINES_MODULE = YES;
				DYLIB_COMPATIBILITY_VERSION = 1;
				DYLIB_CURRENT_VERSION = 1;
				DYLIB_INSTALL_NAME_BASE = "@rpath";
				FRAMEWORK_SEARCH_PATHS = "$(inherited)";
				INFOPLIST_FILE = AutoGraph/Info.plist;
				INSTALL_PATH = "$(LOCAL_LIBRARY_DIR)/Frameworks";
				LD_RUNPATH_SEARCH_PATHS = "$(inherited) @executable_path/Frameworks @loader_path/Frameworks";
				PRODUCT_BUNDLE_IDENTIFIER = Remind.AutoGraph;
				PRODUCT_NAME = "$(TARGET_NAME)";
				SKIP_INSTALL = YES;
				SWIFT_VERSION = 4.2;
			};
			name = Release;
		};
		CDA62C111DB16999004BA66D /* Debug */ = {
			isa = XCBuildConfiguration;
			baseConfigurationReference = A456FD3370B738F56D2706EA /* Pods-AutoGraphQL-AutoGraphTests.debug.xcconfig */;
			buildSettings = {
				ALWAYS_EMBED_SWIFT_STANDARD_LIBRARIES = "$(inherited)";
				CLANG_ENABLE_MODULES = YES;
				CLANG_ENABLE_MODULE_DEBUGGING = YES;
				FRAMEWORK_SEARCH_PATHS = (
					"$(inherited)",
					"$(PROJECT_DIR)",
					"$(DEVELOPER_FRAMEWORKS_DIR)",
				);
				HEADER_SEARCH_PATHS = (
					"\"$(inherited)\"",
					"\"$(CONFIGURATION_TEMP_DIR)/$(PROJECT_NAME).build/DerivedSources\"",
				);
				INFOPLIST_FILE = AutoGraphTests/Info.plist;
				LD_RUNPATH_SEARCH_PATHS = "$(inherited) @executable_path/Frameworks @loader_path/Frameworks";
				PRODUCT_BUNDLE_IDENTIFIER = Remind.AutoGraphTests;
				PRODUCT_NAME = "$(TARGET_NAME)";
				SWIFT_OPTIMIZATION_LEVEL = "-Onone";
				SWIFT_VERSION = 4.2;
			};
			name = Debug;
		};
		CDA62C121DB16999004BA66D /* Release */ = {
			isa = XCBuildConfiguration;
			baseConfigurationReference = 1C9100F88ADBF578533F392F /* Pods-AutoGraphQL-AutoGraphTests.release.xcconfig */;
			buildSettings = {
				ALWAYS_EMBED_SWIFT_STANDARD_LIBRARIES = "$(inherited)";
				CLANG_ENABLE_MODULES = YES;
				CLANG_ENABLE_MODULE_DEBUGGING = YES;
				FRAMEWORK_SEARCH_PATHS = (
					"$(inherited)",
					"$(PROJECT_DIR)",
					"$(DEVELOPER_FRAMEWORKS_DIR)",
				);
				HEADER_SEARCH_PATHS = (
					"\"$(inherited)\"",
					"\"$(CONFIGURATION_TEMP_DIR)/$(PROJECT_NAME).build/DerivedSources\"",
				);
				INFOPLIST_FILE = AutoGraphTests/Info.plist;
				LD_RUNPATH_SEARCH_PATHS = "$(inherited) @executable_path/Frameworks @loader_path/Frameworks";
				PRODUCT_BUNDLE_IDENTIFIER = Remind.AutoGraphTests;
				PRODUCT_NAME = "$(TARGET_NAME)";
				SWIFT_VERSION = 4.2;
			};
			name = Release;
		};
		CDA62C2D1DB69ADE004BA66D /* Debug */ = {
			isa = XCBuildConfiguration;
			baseConfigurationReference = 68BA57291B4A9A6EDAC19E5D /* Pods-QueryBuilder.debug.xcconfig */;
			buildSettings = {
				ALWAYS_EMBED_SWIFT_STANDARD_LIBRARIES = "$(inherited)";
				CLANG_ENABLE_MODULES = YES;
				CODE_SIGN_IDENTITY = "";
				DEFINES_MODULE = YES;
				DYLIB_COMPATIBILITY_VERSION = 1;
				DYLIB_CURRENT_VERSION = 1;
				DYLIB_INSTALL_NAME_BASE = "@rpath";
				INFOPLIST_FILE = QueryBuilder/Info.plist;
				INSTALL_PATH = "$(LOCAL_LIBRARY_DIR)/Frameworks";
				LD_RUNPATH_SEARCH_PATHS = "$(inherited) @executable_path/Frameworks @loader_path/Frameworks";
				PRODUCT_BUNDLE_IDENTIFIER = Remind.QueryBuilder;
				PRODUCT_NAME = "$(TARGET_NAME)";
				SKIP_INSTALL = YES;
				SWIFT_OPTIMIZATION_LEVEL = "-Onone";
				SWIFT_SWIFT3_OBJC_INFERENCE = Default;
				SWIFT_VERSION = 4.2;
			};
			name = Debug;
		};
		CDA62C2E1DB69ADE004BA66D /* Release */ = {
			isa = XCBuildConfiguration;
			baseConfigurationReference = B24FAB69B04F19E707A8E68E /* Pods-QueryBuilder.release.xcconfig */;
			buildSettings = {
				ALWAYS_EMBED_SWIFT_STANDARD_LIBRARIES = "$(inherited)";
				CLANG_ENABLE_MODULES = YES;
				CODE_SIGN_IDENTITY = "";
				DEFINES_MODULE = YES;
				DYLIB_COMPATIBILITY_VERSION = 1;
				DYLIB_CURRENT_VERSION = 1;
				DYLIB_INSTALL_NAME_BASE = "@rpath";
				INFOPLIST_FILE = QueryBuilder/Info.plist;
				INSTALL_PATH = "$(LOCAL_LIBRARY_DIR)/Frameworks";
				LD_RUNPATH_SEARCH_PATHS = "$(inherited) @executable_path/Frameworks @loader_path/Frameworks";
				PRODUCT_BUNDLE_IDENTIFIER = Remind.QueryBuilder;
				PRODUCT_NAME = "$(TARGET_NAME)";
				SKIP_INSTALL = YES;
				SWIFT_SWIFT3_OBJC_INFERENCE = Default;
				SWIFT_VERSION = 4.2;
			};
			name = Release;
		};
		CDA62C301DB69ADE004BA66D /* Debug */ = {
			isa = XCBuildConfiguration;
			baseConfigurationReference = 859FD5EDB5F19DA4BC6C9346 /* Pods-AutoGraphQL-QueryBuilderTests.debug.xcconfig */;
			buildSettings = {
				ALWAYS_EMBED_SWIFT_STANDARD_LIBRARIES = "$(inherited)";
				INFOPLIST_FILE = QueryBuilderTests/Info.plist;
				LD_RUNPATH_SEARCH_PATHS = "$(inherited) @executable_path/Frameworks @loader_path/Frameworks";
				PRODUCT_BUNDLE_IDENTIFIER = Remind.QueryBuilderTests;
				PRODUCT_NAME = "$(TARGET_NAME)";
				SWIFT_VERSION = 4.2;
			};
			name = Debug;
		};
		CDA62C311DB69ADE004BA66D /* Release */ = {
			isa = XCBuildConfiguration;
			baseConfigurationReference = F62357AFD8BB4E8ADA456135 /* Pods-AutoGraphQL-QueryBuilderTests.release.xcconfig */;
			buildSettings = {
				ALWAYS_EMBED_SWIFT_STANDARD_LIBRARIES = "$(inherited)";
				INFOPLIST_FILE = QueryBuilderTests/Info.plist;
				LD_RUNPATH_SEARCH_PATHS = "$(inherited) @executable_path/Frameworks @loader_path/Frameworks";
				PRODUCT_BUNDLE_IDENTIFIER = Remind.QueryBuilderTests;
				PRODUCT_NAME = "$(TARGET_NAME)";
				SWIFT_VERSION = 4.2;
			};
			name = Release;
		};
/* End XCBuildConfiguration section */

/* Begin XCConfigurationList section */
		CD8355A321CCFC040096810A /* Build configuration list for PBXNativeTarget "OperationExecution" */ = {
			isa = XCConfigurationList;
			buildConfigurations = (
				CD83559F21CCFC040096810A /* Debug */,
				CD8355A021CCFC040096810A /* Release */,
			);
			defaultConfigurationIsVisible = 0;
			defaultConfigurationName = Release;
		};
		CD8355A421CCFC040096810A /* Build configuration list for PBXNativeTarget "OperationExecutionTests" */ = {
			isa = XCConfigurationList;
			buildConfigurations = (
				CD8355A121CCFC040096810A /* Debug */,
				CD8355A221CCFC040096810A /* Release */,
			);
			defaultConfigurationIsVisible = 0;
			defaultConfigurationName = Release;
		};
		CDA62BF31DB16998004BA66D /* Build configuration list for PBXProject "AutoGraph" */ = {
			isa = XCConfigurationList;
			buildConfigurations = (
				CDA62C0B1DB16999004BA66D /* Debug */,
				CDA62C0C1DB16999004BA66D /* Release */,
			);
			defaultConfigurationIsVisible = 0;
			defaultConfigurationName = Release;
		};
		CDA62C0D1DB16999004BA66D /* Build configuration list for PBXNativeTarget "AutoGraphQL" */ = {
			isa = XCConfigurationList;
			buildConfigurations = (
				CDA62C0E1DB16999004BA66D /* Debug */,
				CDA62C0F1DB16999004BA66D /* Release */,
			);
			defaultConfigurationIsVisible = 0;
			defaultConfigurationName = Release;
		};
		CDA62C101DB16999004BA66D /* Build configuration list for PBXNativeTarget "AutoGraphTests" */ = {
			isa = XCConfigurationList;
			buildConfigurations = (
				CDA62C111DB16999004BA66D /* Debug */,
				CDA62C121DB16999004BA66D /* Release */,
			);
			defaultConfigurationIsVisible = 0;
			defaultConfigurationName = Release;
		};
		CDA62C2C1DB69ADE004BA66D /* Build configuration list for PBXNativeTarget "QueryBuilder" */ = {
			isa = XCConfigurationList;
			buildConfigurations = (
				CDA62C2D1DB69ADE004BA66D /* Debug */,
				CDA62C2E1DB69ADE004BA66D /* Release */,
			);
			defaultConfigurationIsVisible = 0;
			defaultConfigurationName = Release;
		};
		CDA62C2F1DB69ADE004BA66D /* Build configuration list for PBXNativeTarget "QueryBuilderTests" */ = {
			isa = XCConfigurationList;
			buildConfigurations = (
				CDA62C301DB69ADE004BA66D /* Debug */,
				CDA62C311DB69ADE004BA66D /* Release */,
			);
			defaultConfigurationIsVisible = 0;
			defaultConfigurationName = Release;
		};
/* End XCConfigurationList section */
	};
	rootObject = CDA62BF01DB16998004BA66D /* Project object */;
}
