// !$*UTF8*$!
{
	archiveVersion = 1;
	classes = {
	};
	objectVersion = 46;
	objects = {

/* Begin PBXBuildFile section */
		1D48198A7582496B9B5BE891 /* Pods_QueryBuilder_QueryBuilderTests.framework in Frameworks */ = {isa = PBXBuildFile; fileRef = 05AB136B7EDCE8041A2B970E /* Pods_QueryBuilder_QueryBuilderTests.framework */; };
		631BCCC785AE9C71BC6DAAD3 /* Pods_AutoGraph_AutoGraphTests.framework in Frameworks */ = {isa = PBXBuildFile; fileRef = C4096020F8513918A429DE40 /* Pods_AutoGraph_AutoGraphTests.framework */; };
		86A7DB4D79406D82583E8E31 /* Pods_AutoGraph.framework in Frameworks */ = {isa = PBXBuildFile; fileRef = 713363E6E382C3C853EEE6C7 /* Pods_AutoGraph.framework */; };
		C40623CEEE2E00482D3E3112 /* Pods_QueryBuilder.framework in Frameworks */ = {isa = PBXBuildFile; fileRef = 2D794E2AF02FFB7F0582B81C /* Pods_QueryBuilder.framework */; };
		CD3BFF241E1DE6EE008CE41A /* QueryDSL.swift in Sources */ = {isa = PBXBuildFile; fileRef = CDA62C321DB69B15004BA66D /* QueryDSL.swift */; };
		CD3BFF251E1DE6F6008CE41A /* FoundationExtensions.swift in Sources */ = {isa = PBXBuildFile; fileRef = CDA62C341DB69F4E004BA66D /* FoundationExtensions.swift */; };
		CDA62C031DB16999004BA66D /* AutoGraph.framework in Frameworks */ = {isa = PBXBuildFile; fileRef = CDA62BF91DB16998004BA66D /* AutoGraph.framework */; };
		CDA62C081DB16999004BA66D /* AutoGraphTests.swift in Sources */ = {isa = PBXBuildFile; fileRef = CDA62C071DB16999004BA66D /* AutoGraphTests.swift */; };
		CDA62C0A1DB16999004BA66D /* AutoGraph.h in Headers */ = {isa = PBXBuildFile; fileRef = CDA62BFC1DB16998004BA66D /* AutoGraph.h */; settings = {ATTRIBUTES = (Public, ); }; };
		CDA62C241DB69ADE004BA66D /* QueryBuilder.framework in Frameworks */ = {isa = PBXBuildFile; fileRef = CDA62C1B1DB69ADE004BA66D /* QueryBuilder.framework */; };
		CDA62C291DB69ADE004BA66D /* QueryBuilderTests.swift in Sources */ = {isa = PBXBuildFile; fileRef = CDA62C281DB69ADE004BA66D /* QueryBuilderTests.swift */; };
		CDA62C2B1DB69ADE004BA66D /* QueryBuilder.h in Headers */ = {isa = PBXBuildFile; fileRef = CDA62C1D1DB69ADE004BA66D /* QueryBuilder.h */; settings = {ATTRIBUTES = (Public, ); }; };
		CDA62C331DB69B15004BA66D /* QueryDSL.swift in Sources */ = {isa = PBXBuildFile; fileRef = CDA62C321DB69B15004BA66D /* QueryDSL.swift */; };
		CDA62C351DB69F4E004BA66D /* FoundationExtensions.swift in Sources */ = {isa = PBXBuildFile; fileRef = CDA62C341DB69F4E004BA66D /* FoundationExtensions.swift */; };
		CDA62C391DB6A586004BA66D /* FoundationExtensionsTests.swift in Sources */ = {isa = PBXBuildFile; fileRef = CDA62C381DB6A586004BA66D /* FoundationExtensionsTests.swift */; };
		CDBEBE961E00E6530029909A /* RealmMappings.swift in Sources */ = {isa = PBXBuildFile; fileRef = CDBEBE951E00E6530029909A /* RealmMappings.swift */; };
		CDBEBE981E00E7840029909A /* RLMSupport.swift in Sources */ = {isa = PBXBuildFile; fileRef = CDBEBE971E00E7840029909A /* RLMSupport.swift */; };
		CDBEBEAA1E1CB1400029909A /* Errors.swift in Sources */ = {isa = PBXBuildFile; fileRef = CDBEBEA91E1CB1400029909A /* Errors.swift */; };
		CDBEBEAC1E1CB5E80029909A /* Utilities.swift in Sources */ = {isa = PBXBuildFile; fileRef = CDBEBEAB1E1CB5E80029909A /* Utilities.swift */; };
		CDBEBEAE1E1D97E60029909A /* FilmRequest.swift in Sources */ = {isa = PBXBuildFile; fileRef = CDBEBEAD1E1D97E60029909A /* FilmRequest.swift */; };
		CDE3C71D1E00C28300AB4EB1 /* AutoGraph.swift in Sources */ = {isa = PBXBuildFile; fileRef = CDE3C71C1E00C28300AB4EB1 /* AutoGraph.swift */; };
		CDE3C7231E00C4A700AB4EB1 /* Stub.swift in Sources */ = {isa = PBXBuildFile; fileRef = CDE3C7221E00C4A700AB4EB1 /* Stub.swift */; };
		CDE3C7251E00D23400AB4EB1 /* AllFilms.json in Resources */ = {isa = PBXBuildFile; fileRef = CDE3C7241E00D23400AB4EB1 /* AllFilms.json */; };
		CDE3C7281E00DAE400AB4EB1 /* RLMArray+Utilities.m in Sources */ = {isa = PBXBuildFile; fileRef = CDE3C7271E00DAE400AB4EB1 /* RLMArray+Utilities.m */; };
		CDE3C72B1E00DB2A00AB4EB1 /* Models.m in Sources */ = {isa = PBXBuildFile; fileRef = CDE3C72A1E00DB2A00AB4EB1 /* Models.m */; };
/* End PBXBuildFile section */

/* Begin PBXContainerItemProxy section */
		CDA62C041DB16999004BA66D /* PBXContainerItemProxy */ = {
			isa = PBXContainerItemProxy;
			containerPortal = CDA62BF01DB16998004BA66D /* Project object */;
			proxyType = 1;
			remoteGlobalIDString = CDA62BF81DB16998004BA66D;
			remoteInfo = AutoGraph;
		};
		CDA62C251DB69ADE004BA66D /* PBXContainerItemProxy */ = {
			isa = PBXContainerItemProxy;
			containerPortal = CDA62BF01DB16998004BA66D /* Project object */;
			proxyType = 1;
			remoteGlobalIDString = CDA62C1A1DB69ADE004BA66D;
			remoteInfo = QueryBuilder;
		};
/* End PBXContainerItemProxy section */

/* Begin PBXFileReference section */
		0264D743B7EDB3CFDEBEC994 /* Pods-QueryBuilder-QueryBuilderTests.release.xcconfig */ = {isa = PBXFileReference; includeInIndex = 1; lastKnownFileType = text.xcconfig; name = "Pods-QueryBuilder-QueryBuilderTests.release.xcconfig"; path = "Pods/Target Support Files/Pods-QueryBuilder-QueryBuilderTests/Pods-QueryBuilder-QueryBuilderTests.release.xcconfig"; sourceTree = "<group>"; };
		05AB136B7EDCE8041A2B970E /* Pods_QueryBuilder_QueryBuilderTests.framework */ = {isa = PBXFileReference; explicitFileType = wrapper.framework; includeInIndex = 0; path = Pods_QueryBuilder_QueryBuilderTests.framework; sourceTree = BUILT_PRODUCTS_DIR; };
		2D794E2AF02FFB7F0582B81C /* Pods_QueryBuilder.framework */ = {isa = PBXFileReference; explicitFileType = wrapper.framework; includeInIndex = 0; path = Pods_QueryBuilder.framework; sourceTree = BUILT_PRODUCTS_DIR; };
		46C4864E0BB6D37C684EF1B7 /* Pods-AutoGraph.debug.xcconfig */ = {isa = PBXFileReference; includeInIndex = 1; lastKnownFileType = text.xcconfig; name = "Pods-AutoGraph.debug.xcconfig"; path = "Pods/Target Support Files/Pods-AutoGraph/Pods-AutoGraph.debug.xcconfig"; sourceTree = "<group>"; };
		4F0E467203B1F2B77F41B678 /* Pods-AutoGraph.release.xcconfig */ = {isa = PBXFileReference; includeInIndex = 1; lastKnownFileType = text.xcconfig; name = "Pods-AutoGraph.release.xcconfig"; path = "Pods/Target Support Files/Pods-AutoGraph/Pods-AutoGraph.release.xcconfig"; sourceTree = "<group>"; };
		5420221E40BA8E3E4804AC27 /* Pods-AutoGraph-AutoGraphTests.debug.xcconfig */ = {isa = PBXFileReference; includeInIndex = 1; lastKnownFileType = text.xcconfig; name = "Pods-AutoGraph-AutoGraphTests.debug.xcconfig"; path = "Pods/Target Support Files/Pods-AutoGraph-AutoGraphTests/Pods-AutoGraph-AutoGraphTests.debug.xcconfig"; sourceTree = "<group>"; };
		68BA57291B4A9A6EDAC19E5D /* Pods-QueryBuilder.debug.xcconfig */ = {isa = PBXFileReference; includeInIndex = 1; lastKnownFileType = text.xcconfig; name = "Pods-QueryBuilder.debug.xcconfig"; path = "Pods/Target Support Files/Pods-QueryBuilder/Pods-QueryBuilder.debug.xcconfig"; sourceTree = "<group>"; };
		713363E6E382C3C853EEE6C7 /* Pods_AutoGraph.framework */ = {isa = PBXFileReference; explicitFileType = wrapper.framework; includeInIndex = 0; path = Pods_AutoGraph.framework; sourceTree = BUILT_PRODUCTS_DIR; };
		963F35AAE93DAC9E902B118F /* Pods-AutoGraph-AutoGraphTests.release.xcconfig */ = {isa = PBXFileReference; includeInIndex = 1; lastKnownFileType = text.xcconfig; name = "Pods-AutoGraph-AutoGraphTests.release.xcconfig"; path = "Pods/Target Support Files/Pods-AutoGraph-AutoGraphTests/Pods-AutoGraph-AutoGraphTests.release.xcconfig"; sourceTree = "<group>"; };
		B24FAB69B04F19E707A8E68E /* Pods-QueryBuilder.release.xcconfig */ = {isa = PBXFileReference; includeInIndex = 1; lastKnownFileType = text.xcconfig; name = "Pods-QueryBuilder.release.xcconfig"; path = "Pods/Target Support Files/Pods-QueryBuilder/Pods-QueryBuilder.release.xcconfig"; sourceTree = "<group>"; };
		C4096020F8513918A429DE40 /* Pods_AutoGraph_AutoGraphTests.framework */ = {isa = PBXFileReference; explicitFileType = wrapper.framework; includeInIndex = 0; path = Pods_AutoGraph_AutoGraphTests.framework; sourceTree = BUILT_PRODUCTS_DIR; };
		CDA62BF91DB16998004BA66D /* AutoGraph.framework */ = {isa = PBXFileReference; explicitFileType = wrapper.framework; includeInIndex = 0; path = AutoGraph.framework; sourceTree = BUILT_PRODUCTS_DIR; };
		CDA62BFC1DB16998004BA66D /* AutoGraph.h */ = {isa = PBXFileReference; lastKnownFileType = sourcecode.c.h; path = AutoGraph.h; sourceTree = "<group>"; };
		CDA62BFD1DB16998004BA66D /* Info.plist */ = {isa = PBXFileReference; lastKnownFileType = text.plist.xml; path = Info.plist; sourceTree = "<group>"; };
		CDA62C021DB16999004BA66D /* AutoGraphTests.xctest */ = {isa = PBXFileReference; explicitFileType = wrapper.cfbundle; includeInIndex = 0; path = AutoGraphTests.xctest; sourceTree = BUILT_PRODUCTS_DIR; };
		CDA62C071DB16999004BA66D /* AutoGraphTests.swift */ = {isa = PBXFileReference; lastKnownFileType = sourcecode.swift; path = AutoGraphTests.swift; sourceTree = "<group>"; };
		CDA62C091DB16999004BA66D /* Info.plist */ = {isa = PBXFileReference; lastKnownFileType = text.plist.xml; path = Info.plist; sourceTree = "<group>"; };
		CDA62C1B1DB69ADE004BA66D /* QueryBuilder.framework */ = {isa = PBXFileReference; explicitFileType = wrapper.framework; includeInIndex = 0; path = QueryBuilder.framework; sourceTree = BUILT_PRODUCTS_DIR; };
		CDA62C1D1DB69ADE004BA66D /* QueryBuilder.h */ = {isa = PBXFileReference; lastKnownFileType = sourcecode.c.h; path = QueryBuilder.h; sourceTree = "<group>"; };
		CDA62C1E1DB69ADE004BA66D /* Info.plist */ = {isa = PBXFileReference; lastKnownFileType = text.plist.xml; path = Info.plist; sourceTree = "<group>"; };
		CDA62C231DB69ADE004BA66D /* QueryBuilderTests.xctest */ = {isa = PBXFileReference; explicitFileType = wrapper.cfbundle; includeInIndex = 0; path = QueryBuilderTests.xctest; sourceTree = BUILT_PRODUCTS_DIR; };
		CDA62C281DB69ADE004BA66D /* QueryBuilderTests.swift */ = {isa = PBXFileReference; lastKnownFileType = sourcecode.swift; path = QueryBuilderTests.swift; sourceTree = "<group>"; };
		CDA62C2A1DB69ADE004BA66D /* Info.plist */ = {isa = PBXFileReference; lastKnownFileType = text.plist.xml; path = Info.plist; sourceTree = "<group>"; };
		CDA62C321DB69B15004BA66D /* QueryDSL.swift */ = {isa = PBXFileReference; fileEncoding = 4; lastKnownFileType = sourcecode.swift; path = QueryDSL.swift; sourceTree = "<group>"; };
		CDA62C341DB69F4E004BA66D /* FoundationExtensions.swift */ = {isa = PBXFileReference; fileEncoding = 4; lastKnownFileType = sourcecode.swift; path = FoundationExtensions.swift; sourceTree = "<group>"; };
		CDA62C381DB6A586004BA66D /* FoundationExtensionsTests.swift */ = {isa = PBXFileReference; fileEncoding = 4; lastKnownFileType = sourcecode.swift; path = FoundationExtensionsTests.swift; sourceTree = "<group>"; };
		CDBEBE951E00E6530029909A /* RealmMappings.swift */ = {isa = PBXFileReference; fileEncoding = 4; lastKnownFileType = sourcecode.swift; path = RealmMappings.swift; sourceTree = "<group>"; };
		CDBEBE971E00E7840029909A /* RLMSupport.swift */ = {isa = PBXFileReference; fileEncoding = 4; lastKnownFileType = sourcecode.swift; path = RLMSupport.swift; sourceTree = "<group>"; };
		CDBEBE9A1E00F3DD0029909A /* Crust.framework */ = {isa = PBXFileReference; lastKnownFileType = wrapper.framework; name = Crust.framework; path = "../../../Library/Developer/Xcode/DerivedData/AutoGraph-ecnfnfghfxzpggasivymkfvdtyqk/Build/Products/Debug-iphonesimulator/Crust/Crust.framework"; sourceTree = "<group>"; };
		CDBEBE9C1E01E6A60029909A /* Crust.framework */ = {isa = PBXFileReference; lastKnownFileType = wrapper.framework; name = Crust.framework; path = "Pods/../build/Debug-iphoneos/Crust/Crust.framework"; sourceTree = "<group>"; };
		CDBEBE9E1E01E6B30029909A /* Crust.framework */ = {isa = PBXFileReference; lastKnownFileType = wrapper.framework; name = Crust.framework; path = "Pods/../build/Debug-iphoneos/Crust/Crust.framework"; sourceTree = "<group>"; };
		CDBEBEA01E01E6EC0029909A /* Crust.framework */ = {isa = PBXFileReference; lastKnownFileType = wrapper.framework; name = Crust.framework; path = "Pods/../build/Debug-iphoneos/Crust/Crust.framework"; sourceTree = "<group>"; };
		CDBEBEA21E01E7F50029909A /* Crust.framework */ = {isa = PBXFileReference; lastKnownFileType = wrapper.framework; name = Crust.framework; path = "Pods/../build/Debug-iphoneos/Crust/Crust.framework"; sourceTree = "<group>"; };
		CDBEBEA51E01E8250029909A /* Realm.framework */ = {isa = PBXFileReference; lastKnownFileType = wrapper.framework; name = Realm.framework; path = "Pods/../build/Debug-iphoneos/Realm/Realm.framework"; sourceTree = "<group>"; };
		CDBEBEA71E01E92A0029909A /* OHHTTPStubs.framework */ = {isa = PBXFileReference; lastKnownFileType = wrapper.framework; name = OHHTTPStubs.framework; path = "Pods/../build/Debug-iphoneos/OHHTTPStubs/OHHTTPStubs.framework"; sourceTree = "<group>"; };
		CDBEBEA91E1CB1400029909A /* Errors.swift */ = {isa = PBXFileReference; fileEncoding = 4; lastKnownFileType = sourcecode.swift; path = Errors.swift; sourceTree = "<group>"; };
		CDBEBEAB1E1CB5E80029909A /* Utilities.swift */ = {isa = PBXFileReference; fileEncoding = 4; lastKnownFileType = sourcecode.swift; path = Utilities.swift; sourceTree = "<group>"; };
		CDBEBEAD1E1D97E60029909A /* FilmRequest.swift */ = {isa = PBXFileReference; fileEncoding = 4; lastKnownFileType = sourcecode.swift; path = FilmRequest.swift; sourceTree = "<group>"; };
		CDE3C71C1E00C28300AB4EB1 /* AutoGraph.swift */ = {isa = PBXFileReference; fileEncoding = 4; lastKnownFileType = sourcecode.swift; path = AutoGraph.swift; sourceTree = "<group>"; };
		CDE3C71E1E00C3BB00AB4EB1 /* AutoGraphTests-Bridging-Header.h */ = {isa = PBXFileReference; lastKnownFileType = sourcecode.c.h; path = "AutoGraphTests-Bridging-Header.h"; sourceTree = "<group>"; };
		CDE3C7221E00C4A700AB4EB1 /* Stub.swift */ = {isa = PBXFileReference; fileEncoding = 4; lastKnownFileType = sourcecode.swift; path = Stub.swift; sourceTree = "<group>"; };
		CDE3C7241E00D23400AB4EB1 /* AllFilms.json */ = {isa = PBXFileReference; fileEncoding = 4; lastKnownFileType = text.json; path = AllFilms.json; sourceTree = "<group>"; };
		CDE3C7261E00DAE400AB4EB1 /* RLMArray+Utilities.h */ = {isa = PBXFileReference; fileEncoding = 4; lastKnownFileType = sourcecode.c.h; path = "RLMArray+Utilities.h"; sourceTree = "<group>"; };
		CDE3C7271E00DAE400AB4EB1 /* RLMArray+Utilities.m */ = {isa = PBXFileReference; fileEncoding = 4; lastKnownFileType = sourcecode.c.objc; path = "RLMArray+Utilities.m"; sourceTree = "<group>"; };
		CDE3C7291E00DB2A00AB4EB1 /* Models.h */ = {isa = PBXFileReference; fileEncoding = 4; lastKnownFileType = sourcecode.c.h; path = Models.h; sourceTree = "<group>"; };
		CDE3C72A1E00DB2A00AB4EB1 /* Models.m */ = {isa = PBXFileReference; fileEncoding = 4; lastKnownFileType = sourcecode.c.objc; path = Models.m; sourceTree = "<group>"; };
		D4EF0EBB7CF7BFE7A843B4F0 /* Pods-QueryBuilder-QueryBuilderTests.debug.xcconfig */ = {isa = PBXFileReference; includeInIndex = 1; lastKnownFileType = text.xcconfig; name = "Pods-QueryBuilder-QueryBuilderTests.debug.xcconfig"; path = "Pods/Target Support Files/Pods-QueryBuilder-QueryBuilderTests/Pods-QueryBuilder-QueryBuilderTests.debug.xcconfig"; sourceTree = "<group>"; };
/* End PBXFileReference section */

/* Begin PBXFrameworksBuildPhase section */
		CDA62BF51DB16998004BA66D /* Frameworks */ = {
			isa = PBXFrameworksBuildPhase;
			buildActionMask = 2147483647;
			files = (
				86A7DB4D79406D82583E8E31 /* Pods_AutoGraph.framework in Frameworks */,
			);
			runOnlyForDeploymentPostprocessing = 0;
		};
		CDA62BFF1DB16999004BA66D /* Frameworks */ = {
			isa = PBXFrameworksBuildPhase;
			buildActionMask = 2147483647;
			files = (
				CDA62C031DB16999004BA66D /* AutoGraph.framework in Frameworks */,
				631BCCC785AE9C71BC6DAAD3 /* Pods_AutoGraph_AutoGraphTests.framework in Frameworks */,
			);
			runOnlyForDeploymentPostprocessing = 0;
		};
		CDA62C171DB69ADE004BA66D /* Frameworks */ = {
			isa = PBXFrameworksBuildPhase;
			buildActionMask = 2147483647;
			files = (
				C40623CEEE2E00482D3E3112 /* Pods_QueryBuilder.framework in Frameworks */,
			);
			runOnlyForDeploymentPostprocessing = 0;
		};
		CDA62C201DB69ADE004BA66D /* Frameworks */ = {
			isa = PBXFrameworksBuildPhase;
			buildActionMask = 2147483647;
			files = (
				CDA62C241DB69ADE004BA66D /* QueryBuilder.framework in Frameworks */,
				1D48198A7582496B9B5BE891 /* Pods_QueryBuilder_QueryBuilderTests.framework in Frameworks */,
			);
			runOnlyForDeploymentPostprocessing = 0;
		};
/* End PBXFrameworksBuildPhase section */

/* Begin PBXGroup section */
		197A881A2E7C06E3F9501B67 /* Frameworks */ = {
			isa = PBXGroup;
			children = (
				CDBEBEA71E01E92A0029909A /* OHHTTPStubs.framework */,
				CDBEBEA51E01E8250029909A /* Realm.framework */,
				CDBEBEA21E01E7F50029909A /* Crust.framework */,
				CDBEBEA01E01E6EC0029909A /* Crust.framework */,
				CDBEBE9E1E01E6B30029909A /* Crust.framework */,
				CDBEBE9C1E01E6A60029909A /* Crust.framework */,
				CDBEBE9A1E00F3DD0029909A /* Crust.framework */,
				713363E6E382C3C853EEE6C7 /* Pods_AutoGraph.framework */,
				C4096020F8513918A429DE40 /* Pods_AutoGraph_AutoGraphTests.framework */,
				2D794E2AF02FFB7F0582B81C /* Pods_QueryBuilder.framework */,
				05AB136B7EDCE8041A2B970E /* Pods_QueryBuilder_QueryBuilderTests.framework */,
			);
			name = Frameworks;
			sourceTree = "<group>";
		};
		CDA62BEF1DB16998004BA66D = {
			isa = PBXGroup;
			children = (
				CDA62BFB1DB16998004BA66D /* AutoGraph */,
				CDA62C061DB16999004BA66D /* AutoGraphTests */,
				CDA62C1C1DB69ADE004BA66D /* QueryBuilder */,
				CDA62C271DB69ADE004BA66D /* QueryBuilderTests */,
				CDA62BFA1DB16998004BA66D /* Products */,
				197A881A2E7C06E3F9501B67 /* Frameworks */,
				F9A9B17DA00BD90428294EB2 /* Pods */,
			);
			sourceTree = "<group>";
		};
		CDA62BFA1DB16998004BA66D /* Products */ = {
			isa = PBXGroup;
			children = (
				CDA62BF91DB16998004BA66D /* AutoGraph.framework */,
				CDA62C021DB16999004BA66D /* AutoGraphTests.xctest */,
				CDA62C1B1DB69ADE004BA66D /* QueryBuilder.framework */,
				CDA62C231DB69ADE004BA66D /* QueryBuilderTests.xctest */,
			);
			name = Products;
			sourceTree = "<group>";
		};
		CDA62BFB1DB16998004BA66D /* AutoGraph */ = {
			isa = PBXGroup;
			children = (
				CDA62BFC1DB16998004BA66D /* AutoGraph.h */,
				CDA62BFD1DB16998004BA66D /* Info.plist */,
				CDE3C71C1E00C28300AB4EB1 /* AutoGraph.swift */,
				CDBEBEA91E1CB1400029909A /* Errors.swift */,
				CDBEBEAB1E1CB5E80029909A /* Utilities.swift */,
			);
			path = AutoGraph;
			sourceTree = "<group>";
		};
		CDA62C061DB16999004BA66D /* AutoGraphTests */ = {
			isa = PBXGroup;
			children = (
				CDA62C071DB16999004BA66D /* AutoGraphTests.swift */,
				CDBEBEAD1E1D97E60029909A /* FilmRequest.swift */,
				CDE3C7291E00DB2A00AB4EB1 /* Models.h */,
				CDE3C72A1E00DB2A00AB4EB1 /* Models.m */,
				CDE3C7261E00DAE400AB4EB1 /* RLMArray+Utilities.h */,
				CDE3C7271E00DAE400AB4EB1 /* RLMArray+Utilities.m */,
				CDBEBE971E00E7840029909A /* RLMSupport.swift */,
				CDBEBE951E00E6530029909A /* RealmMappings.swift */,
				CDE3C7221E00C4A700AB4EB1 /* Stub.swift */,
				CDE3C7241E00D23400AB4EB1 /* AllFilms.json */,
				CDA62C091DB16999004BA66D /* Info.plist */,
				CDE3C71E1E00C3BB00AB4EB1 /* AutoGraphTests-Bridging-Header.h */,
			);
			path = AutoGraphTests;
			sourceTree = "<group>";
		};
		CDA62C1C1DB69ADE004BA66D /* QueryBuilder */ = {
			isa = PBXGroup;
			children = (
				CDA62C1D1DB69ADE004BA66D /* QueryBuilder.h */,
				CDA62C321DB69B15004BA66D /* QueryDSL.swift */,
				CDA62C341DB69F4E004BA66D /* FoundationExtensions.swift */,
				CDA62C1E1DB69ADE004BA66D /* Info.plist */,
			);
			path = QueryBuilder;
			sourceTree = "<group>";
		};
		CDA62C271DB69ADE004BA66D /* QueryBuilderTests */ = {
			isa = PBXGroup;
			children = (
				CDA62C381DB6A586004BA66D /* FoundationExtensionsTests.swift */,
				CDA62C281DB69ADE004BA66D /* QueryBuilderTests.swift */,
				CDA62C2A1DB69ADE004BA66D /* Info.plist */,
			);
			path = QueryBuilderTests;
			sourceTree = "<group>";
		};
		F9A9B17DA00BD90428294EB2 /* Pods */ = {
			isa = PBXGroup;
			children = (
				46C4864E0BB6D37C684EF1B7 /* Pods-AutoGraph.debug.xcconfig */,
				4F0E467203B1F2B77F41B678 /* Pods-AutoGraph.release.xcconfig */,
				5420221E40BA8E3E4804AC27 /* Pods-AutoGraph-AutoGraphTests.debug.xcconfig */,
				963F35AAE93DAC9E902B118F /* Pods-AutoGraph-AutoGraphTests.release.xcconfig */,
				68BA57291B4A9A6EDAC19E5D /* Pods-QueryBuilder.debug.xcconfig */,
				B24FAB69B04F19E707A8E68E /* Pods-QueryBuilder.release.xcconfig */,
				D4EF0EBB7CF7BFE7A843B4F0 /* Pods-QueryBuilder-QueryBuilderTests.debug.xcconfig */,
				0264D743B7EDB3CFDEBEC994 /* Pods-QueryBuilder-QueryBuilderTests.release.xcconfig */,
			);
			name = Pods;
			sourceTree = "<group>";
		};
/* End PBXGroup section */

/* Begin PBXHeadersBuildPhase section */
		CDA62BF61DB16998004BA66D /* Headers */ = {
			isa = PBXHeadersBuildPhase;
			buildActionMask = 2147483647;
			files = (
				CDA62C0A1DB16999004BA66D /* AutoGraph.h in Headers */,
			);
			runOnlyForDeploymentPostprocessing = 0;
		};
		CDA62C181DB69ADE004BA66D /* Headers */ = {
			isa = PBXHeadersBuildPhase;
			buildActionMask = 2147483647;
			files = (
				CDA62C2B1DB69ADE004BA66D /* QueryBuilder.h in Headers */,
			);
			runOnlyForDeploymentPostprocessing = 0;
		};
/* End PBXHeadersBuildPhase section */

/* Begin PBXNativeTarget section */
		CDA62BF81DB16998004BA66D /* AutoGraph */ = {
			isa = PBXNativeTarget;
			buildConfigurationList = CDA62C0D1DB16999004BA66D /* Build configuration list for PBXNativeTarget "AutoGraph" */;
			buildPhases = (
				013EF3B7BEB1A0D531FA3239 /* [CP] Check Pods Manifest.lock */,
				CDA62BF41DB16998004BA66D /* Sources */,
				CDA62BF51DB16998004BA66D /* Frameworks */,
				CDA62BF61DB16998004BA66D /* Headers */,
				CDA62BF71DB16998004BA66D /* Resources */,
				51984F3FEA2BE004A7051270 /* [CP] Copy Pods Resources */,
			);
			buildRules = (
			);
			dependencies = (
			);
			name = AutoGraph;
			productName = AutoGraph;
			productReference = CDA62BF91DB16998004BA66D /* AutoGraph.framework */;
			productType = "com.apple.product-type.framework";
		};
		CDA62C011DB16999004BA66D /* AutoGraphTests */ = {
			isa = PBXNativeTarget;
			buildConfigurationList = CDA62C101DB16999004BA66D /* Build configuration list for PBXNativeTarget "AutoGraphTests" */;
			buildPhases = (
				0E1B49F86A0FC193ABCEEA63 /* [CP] Check Pods Manifest.lock */,
				CDA62BFE1DB16999004BA66D /* Sources */,
				CDA62BFF1DB16999004BA66D /* Frameworks */,
				CDA62C001DB16999004BA66D /* Resources */,
				16B6BB10C7646705DB2DB290 /* [CP] Embed Pods Frameworks */,
				05EB219E038958E7E887D1F9 /* [CP] Copy Pods Resources */,
			);
			buildRules = (
			);
			dependencies = (
				CDA62C051DB16999004BA66D /* PBXTargetDependency */,
			);
			name = AutoGraphTests;
			productName = AutoGraphTests;
			productReference = CDA62C021DB16999004BA66D /* AutoGraphTests.xctest */;
			productType = "com.apple.product-type.bundle.unit-test";
		};
		CDA62C1A1DB69ADE004BA66D /* QueryBuilder */ = {
			isa = PBXNativeTarget;
			buildConfigurationList = CDA62C2C1DB69ADE004BA66D /* Build configuration list for PBXNativeTarget "QueryBuilder" */;
			buildPhases = (
				4976992A014BB2B23F747153 /* [CP] Check Pods Manifest.lock */,
				CDA62C161DB69ADE004BA66D /* Sources */,
				CDA62C171DB69ADE004BA66D /* Frameworks */,
				CDA62C181DB69ADE004BA66D /* Headers */,
				CDA62C191DB69ADE004BA66D /* Resources */,
				354F213F5D985B807AD8ABCE /* [CP] Copy Pods Resources */,
			);
			buildRules = (
			);
			dependencies = (
			);
			name = QueryBuilder;
			productName = QueryBuilder;
			productReference = CDA62C1B1DB69ADE004BA66D /* QueryBuilder.framework */;
			productType = "com.apple.product-type.framework";
		};
		CDA62C221DB69ADE004BA66D /* QueryBuilderTests */ = {
			isa = PBXNativeTarget;
			buildConfigurationList = CDA62C2F1DB69ADE004BA66D /* Build configuration list for PBXNativeTarget "QueryBuilderTests" */;
			buildPhases = (
				9E20E269BF428A225ACDD81E /* [CP] Check Pods Manifest.lock */,
				CDA62C1F1DB69ADE004BA66D /* Sources */,
				CDA62C201DB69ADE004BA66D /* Frameworks */,
				CDA62C211DB69ADE004BA66D /* Resources */,
				7B1AEEC26433BAF327C93B9B /* [CP] Embed Pods Frameworks */,
				4018E5851A407F99864A3EF1 /* [CP] Copy Pods Resources */,
			);
			buildRules = (
			);
			dependencies = (
				CDA62C261DB69ADE004BA66D /* PBXTargetDependency */,
			);
			name = QueryBuilderTests;
			productName = QueryBuilderTests;
			productReference = CDA62C231DB69ADE004BA66D /* QueryBuilderTests.xctest */;
			productType = "com.apple.product-type.bundle.unit-test";
		};
/* End PBXNativeTarget section */

/* Begin PBXProject section */
		CDA62BF01DB16998004BA66D /* Project object */ = {
			isa = PBXProject;
			attributes = {
				LastSwiftUpdateCheck = 0800;
				LastUpgradeCheck = 0810;
				ORGANIZATIONNAME = Remind;
				TargetAttributes = {
					CDA62BF81DB16998004BA66D = {
						CreatedOnToolsVersion = 8.0;
						LastSwiftMigration = 0810;
						ProvisioningStyle = Automatic;
					};
					CDA62C011DB16999004BA66D = {
						CreatedOnToolsVersion = 8.0;
						LastSwiftMigration = 0810;
						ProvisioningStyle = Automatic;
					};
					CDA62C1A1DB69ADE004BA66D = {
						CreatedOnToolsVersion = 8.0;
						LastSwiftMigration = 0800;
						ProvisioningStyle = Automatic;
					};
					CDA62C221DB69ADE004BA66D = {
						CreatedOnToolsVersion = 8.0;
						LastSwiftMigration = 0810;
						ProvisioningStyle = Automatic;
					};
				};
			};
			buildConfigurationList = CDA62BF31DB16998004BA66D /* Build configuration list for PBXProject "AutoGraph" */;
			compatibilityVersion = "Xcode 3.2";
			developmentRegion = English;
			hasScannedForEncodings = 0;
			knownRegions = (
				en,
			);
			mainGroup = CDA62BEF1DB16998004BA66D;
			productRefGroup = CDA62BFA1DB16998004BA66D /* Products */;
			projectDirPath = "";
			projectRoot = "";
			targets = (
				CDA62BF81DB16998004BA66D /* AutoGraph */,
				CDA62C011DB16999004BA66D /* AutoGraphTests */,
				CDA62C1A1DB69ADE004BA66D /* QueryBuilder */,
				CDA62C221DB69ADE004BA66D /* QueryBuilderTests */,
			);
		};
/* End PBXProject section */

/* Begin PBXResourcesBuildPhase section */
		CDA62BF71DB16998004BA66D /* Resources */ = {
			isa = PBXResourcesBuildPhase;
			buildActionMask = 2147483647;
			files = (
			);
			runOnlyForDeploymentPostprocessing = 0;
		};
		CDA62C001DB16999004BA66D /* Resources */ = {
			isa = PBXResourcesBuildPhase;
			buildActionMask = 2147483647;
			files = (
				CDE3C7251E00D23400AB4EB1 /* AllFilms.json in Resources */,
			);
			runOnlyForDeploymentPostprocessing = 0;
		};
		CDA62C191DB69ADE004BA66D /* Resources */ = {
			isa = PBXResourcesBuildPhase;
			buildActionMask = 2147483647;
			files = (
			);
			runOnlyForDeploymentPostprocessing = 0;
		};
		CDA62C211DB69ADE004BA66D /* Resources */ = {
			isa = PBXResourcesBuildPhase;
			buildActionMask = 2147483647;
			files = (
			);
			runOnlyForDeploymentPostprocessing = 0;
		};
/* End PBXResourcesBuildPhase section */

/* Begin PBXShellScriptBuildPhase section */
		013EF3B7BEB1A0D531FA3239 /* [CP] Check Pods Manifest.lock */ = {
			isa = PBXShellScriptBuildPhase;
			buildActionMask = 2147483647;
			files = (
			);
			inputPaths = (
			);
			name = "[CP] Check Pods Manifest.lock";
			outputPaths = (
			);
			runOnlyForDeploymentPostprocessing = 0;
			shellPath = /bin/sh;
			shellScript = "diff \"${PODS_ROOT}/../Podfile.lock\" \"${PODS_ROOT}/Manifest.lock\" > /dev/null\nif [ $? != 0 ] ; then\n    # print error to STDERR\n    echo \"error: The sandbox is not in sync with the Podfile.lock. Run 'pod install' or update your CocoaPods installation.\" >&2\n    exit 1\nfi\n";
			showEnvVarsInLog = 0;
		};
		05EB219E038958E7E887D1F9 /* [CP] Copy Pods Resources */ = {
			isa = PBXShellScriptBuildPhase;
			buildActionMask = 2147483647;
			files = (
			);
			inputPaths = (
			);
			name = "[CP] Copy Pods Resources";
			outputPaths = (
			);
			runOnlyForDeploymentPostprocessing = 0;
			shellPath = /bin/sh;
			shellScript = "\"${SRCROOT}/Pods/Target Support Files/Pods-AutoGraph-AutoGraphTests/Pods-AutoGraph-AutoGraphTests-resources.sh\"\n";
			showEnvVarsInLog = 0;
		};
		0E1B49F86A0FC193ABCEEA63 /* [CP] Check Pods Manifest.lock */ = {
			isa = PBXShellScriptBuildPhase;
			buildActionMask = 2147483647;
			files = (
			);
			inputPaths = (
			);
			name = "[CP] Check Pods Manifest.lock";
			outputPaths = (
			);
			runOnlyForDeploymentPostprocessing = 0;
			shellPath = /bin/sh;
			shellScript = "diff \"${PODS_ROOT}/../Podfile.lock\" \"${PODS_ROOT}/Manifest.lock\" > /dev/null\nif [ $? != 0 ] ; then\n    # print error to STDERR\n    echo \"error: The sandbox is not in sync with the Podfile.lock. Run 'pod install' or update your CocoaPods installation.\" >&2\n    exit 1\nfi\n";
			showEnvVarsInLog = 0;
		};
		16B6BB10C7646705DB2DB290 /* [CP] Embed Pods Frameworks */ = {
			isa = PBXShellScriptBuildPhase;
			buildActionMask = 2147483647;
			files = (
			);
			inputPaths = (
			);
			name = "[CP] Embed Pods Frameworks";
			outputPaths = (
			);
			runOnlyForDeploymentPostprocessing = 0;
			shellPath = /bin/sh;
			shellScript = "\"${SRCROOT}/Pods/Target Support Files/Pods-AutoGraph-AutoGraphTests/Pods-AutoGraph-AutoGraphTests-frameworks.sh\"\n";
			showEnvVarsInLog = 0;
		};
		354F213F5D985B807AD8ABCE /* [CP] Copy Pods Resources */ = {
			isa = PBXShellScriptBuildPhase;
			buildActionMask = 2147483647;
			files = (
			);
			inputPaths = (
			);
			name = "[CP] Copy Pods Resources";
			outputPaths = (
			);
			runOnlyForDeploymentPostprocessing = 0;
			shellPath = /bin/sh;
			shellScript = "\"${SRCROOT}/Pods/Target Support Files/Pods-QueryBuilder/Pods-QueryBuilder-resources.sh\"\n";
			showEnvVarsInLog = 0;
		};
		4018E5851A407F99864A3EF1 /* [CP] Copy Pods Resources */ = {
			isa = PBXShellScriptBuildPhase;
			buildActionMask = 2147483647;
			files = (
			);
			inputPaths = (
			);
			name = "[CP] Copy Pods Resources";
			outputPaths = (
			);
			runOnlyForDeploymentPostprocessing = 0;
			shellPath = /bin/sh;
			shellScript = "\"${SRCROOT}/Pods/Target Support Files/Pods-QueryBuilder-QueryBuilderTests/Pods-QueryBuilder-QueryBuilderTests-resources.sh\"\n";
			showEnvVarsInLog = 0;
		};
		4976992A014BB2B23F747153 /* [CP] Check Pods Manifest.lock */ = {
			isa = PBXShellScriptBuildPhase;
			buildActionMask = 2147483647;
			files = (
			);
			inputPaths = (
			);
			name = "[CP] Check Pods Manifest.lock";
			outputPaths = (
			);
			runOnlyForDeploymentPostprocessing = 0;
			shellPath = /bin/sh;
			shellScript = "diff \"${PODS_ROOT}/../Podfile.lock\" \"${PODS_ROOT}/Manifest.lock\" > /dev/null\nif [ $? != 0 ] ; then\n    # print error to STDERR\n    echo \"error: The sandbox is not in sync with the Podfile.lock. Run 'pod install' or update your CocoaPods installation.\" >&2\n    exit 1\nfi\n";
			showEnvVarsInLog = 0;
		};
		51984F3FEA2BE004A7051270 /* [CP] Copy Pods Resources */ = {
			isa = PBXShellScriptBuildPhase;
			buildActionMask = 2147483647;
			files = (
			);
			inputPaths = (
			);
			name = "[CP] Copy Pods Resources";
			outputPaths = (
			);
			runOnlyForDeploymentPostprocessing = 0;
			shellPath = /bin/sh;
			shellScript = "\"${SRCROOT}/Pods/Target Support Files/Pods-AutoGraph/Pods-AutoGraph-resources.sh\"\n";
			showEnvVarsInLog = 0;
		};
		7B1AEEC26433BAF327C93B9B /* [CP] Embed Pods Frameworks */ = {
			isa = PBXShellScriptBuildPhase;
			buildActionMask = 2147483647;
			files = (
			);
			inputPaths = (
			);
			name = "[CP] Embed Pods Frameworks";
			outputPaths = (
			);
			runOnlyForDeploymentPostprocessing = 0;
			shellPath = /bin/sh;
			shellScript = "\"${SRCROOT}/Pods/Target Support Files/Pods-QueryBuilder-QueryBuilderTests/Pods-QueryBuilder-QueryBuilderTests-frameworks.sh\"\n";
			showEnvVarsInLog = 0;
		};
		9E20E269BF428A225ACDD81E /* [CP] Check Pods Manifest.lock */ = {
			isa = PBXShellScriptBuildPhase;
			buildActionMask = 2147483647;
			files = (
			);
			inputPaths = (
			);
			name = "[CP] Check Pods Manifest.lock";
			outputPaths = (
			);
			runOnlyForDeploymentPostprocessing = 0;
			shellPath = /bin/sh;
			shellScript = "diff \"${PODS_ROOT}/../Podfile.lock\" \"${PODS_ROOT}/Manifest.lock\" > /dev/null\nif [ $? != 0 ] ; then\n    # print error to STDERR\n    echo \"error: The sandbox is not in sync with the Podfile.lock. Run 'pod install' or update your CocoaPods installation.\" >&2\n    exit 1\nfi\n";
			showEnvVarsInLog = 0;
		};
/* End PBXShellScriptBuildPhase section */

/* Begin PBXSourcesBuildPhase section */
		CDA62BF41DB16998004BA66D /* Sources */ = {
			isa = PBXSourcesBuildPhase;
			buildActionMask = 2147483647;
			files = (
				CD3BFF251E1DE6F6008CE41A /* FoundationExtensions.swift in Sources */,
				CD3BFF241E1DE6EE008CE41A /* QueryDSL.swift in Sources */,
				CDBEBEAC1E1CB5E80029909A /* Utilities.swift in Sources */,
				CDBEBEAA1E1CB1400029909A /* Errors.swift in Sources */,
				CDE3C71D1E00C28300AB4EB1 /* AutoGraph.swift in Sources */,
			);
			runOnlyForDeploymentPostprocessing = 0;
		};
		CDA62BFE1DB16999004BA66D /* Sources */ = {
			isa = PBXSourcesBuildPhase;
			buildActionMask = 2147483647;
			files = (
				CDE3C7281E00DAE400AB4EB1 /* RLMArray+Utilities.m in Sources */,
				CDBEBE981E00E7840029909A /* RLMSupport.swift in Sources */,
				CDA62C081DB16999004BA66D /* AutoGraphTests.swift in Sources */,
				CDBEBE961E00E6530029909A /* RealmMappings.swift in Sources */,
				CDE3C7231E00C4A700AB4EB1 /* Stub.swift in Sources */,
				CDBEBEAE1E1D97E60029909A /* FilmRequest.swift in Sources */,
				CDE3C72B1E00DB2A00AB4EB1 /* Models.m in Sources */,
			);
			runOnlyForDeploymentPostprocessing = 0;
		};
		CDA62C161DB69ADE004BA66D /* Sources */ = {
			isa = PBXSourcesBuildPhase;
			buildActionMask = 2147483647;
			files = (
				CDA62C351DB69F4E004BA66D /* FoundationExtensions.swift in Sources */,
				CDA62C331DB69B15004BA66D /* QueryDSL.swift in Sources */,
			);
			runOnlyForDeploymentPostprocessing = 0;
		};
		CDA62C1F1DB69ADE004BA66D /* Sources */ = {
			isa = PBXSourcesBuildPhase;
			buildActionMask = 2147483647;
			files = (
				CDA62C391DB6A586004BA66D /* FoundationExtensionsTests.swift in Sources */,
				CDA62C291DB69ADE004BA66D /* QueryBuilderTests.swift in Sources */,
			);
			runOnlyForDeploymentPostprocessing = 0;
		};
/* End PBXSourcesBuildPhase section */

/* Begin PBXTargetDependency section */
		CDA62C051DB16999004BA66D /* PBXTargetDependency */ = {
			isa = PBXTargetDependency;
			target = CDA62BF81DB16998004BA66D /* AutoGraph */;
			targetProxy = CDA62C041DB16999004BA66D /* PBXContainerItemProxy */;
		};
		CDA62C261DB69ADE004BA66D /* PBXTargetDependency */ = {
			isa = PBXTargetDependency;
			target = CDA62C1A1DB69ADE004BA66D /* QueryBuilder */;
			targetProxy = CDA62C251DB69ADE004BA66D /* PBXContainerItemProxy */;
		};
/* End PBXTargetDependency section */

/* Begin XCBuildConfiguration section */
		CDA62C0B1DB16999004BA66D /* Debug */ = {
			isa = XCBuildConfiguration;
			buildSettings = {
				ALWAYS_SEARCH_USER_PATHS = NO;
				CLANG_ANALYZER_NONNULL = YES;
				CLANG_CXX_LANGUAGE_STANDARD = "gnu++0x";
				CLANG_CXX_LIBRARY = "libc++";
				CLANG_ENABLE_MODULES = YES;
				CLANG_ENABLE_OBJC_ARC = YES;
				CLANG_WARN_BOOL_CONVERSION = YES;
				CLANG_WARN_CONSTANT_CONVERSION = YES;
				CLANG_WARN_DIRECT_OBJC_ISA_USAGE = YES_ERROR;
				CLANG_WARN_DOCUMENTATION_COMMENTS = YES;
				CLANG_WARN_EMPTY_BODY = YES;
				CLANG_WARN_ENUM_CONVERSION = YES;
				CLANG_WARN_INFINITE_RECURSION = YES;
				CLANG_WARN_INT_CONVERSION = YES;
				CLANG_WARN_OBJC_ROOT_CLASS = YES_ERROR;
				CLANG_WARN_SUSPICIOUS_MOVE = YES;
				CLANG_WARN_SUSPICIOUS_MOVES = YES;
				CLANG_WARN_UNREACHABLE_CODE = YES;
				CLANG_WARN__DUPLICATE_METHOD_MATCH = YES;
				"CODE_SIGN_IDENTITY[sdk=iphoneos*]" = "iPhone Developer";
				COPY_PHASE_STRIP = NO;
				CURRENT_PROJECT_VERSION = 1;
				DEBUG_INFORMATION_FORMAT = dwarf;
				ENABLE_STRICT_OBJC_MSGSEND = YES;
				ENABLE_TESTABILITY = YES;
				GCC_C_LANGUAGE_STANDARD = gnu99;
				GCC_DYNAMIC_NO_PIC = NO;
				GCC_NO_COMMON_BLOCKS = YES;
				GCC_OPTIMIZATION_LEVEL = 0;
				GCC_PREPROCESSOR_DEFINITIONS = (
					"DEBUG=1",
					"$(inherited)",
				);
				GCC_WARN_64_TO_32_BIT_CONVERSION = YES;
				GCC_WARN_ABOUT_RETURN_TYPE = YES_ERROR;
				GCC_WARN_UNDECLARED_SELECTOR = YES;
				GCC_WARN_UNINITIALIZED_AUTOS = YES_AGGRESSIVE;
				GCC_WARN_UNUSED_FUNCTION = YES;
				GCC_WARN_UNUSED_VARIABLE = YES;
				IPHONEOS_DEPLOYMENT_TARGET = 10.0;
				MTL_ENABLE_DEBUG_INFO = YES;
				ONLY_ACTIVE_ARCH = YES;
				SDKROOT = iphoneos;
				SWIFT_ACTIVE_COMPILATION_CONDITIONS = DEBUG;
				SWIFT_OPTIMIZATION_LEVEL = "-Onone";
				TARGETED_DEVICE_FAMILY = "1,2";
				VERSIONING_SYSTEM = "apple-generic";
				VERSION_INFO_PREFIX = "";
			};
			name = Debug;
		};
		CDA62C0C1DB16999004BA66D /* Release */ = {
			isa = XCBuildConfiguration;
			buildSettings = {
				ALWAYS_SEARCH_USER_PATHS = NO;
				CLANG_ANALYZER_NONNULL = YES;
				CLANG_CXX_LANGUAGE_STANDARD = "gnu++0x";
				CLANG_CXX_LIBRARY = "libc++";
				CLANG_ENABLE_MODULES = YES;
				CLANG_ENABLE_OBJC_ARC = YES;
				CLANG_WARN_BOOL_CONVERSION = YES;
				CLANG_WARN_CONSTANT_CONVERSION = YES;
				CLANG_WARN_DIRECT_OBJC_ISA_USAGE = YES_ERROR;
				CLANG_WARN_DOCUMENTATION_COMMENTS = YES;
				CLANG_WARN_EMPTY_BODY = YES;
				CLANG_WARN_ENUM_CONVERSION = YES;
				CLANG_WARN_INFINITE_RECURSION = YES;
				CLANG_WARN_INT_CONVERSION = YES;
				CLANG_WARN_OBJC_ROOT_CLASS = YES_ERROR;
				CLANG_WARN_SUSPICIOUS_MOVE = YES;
				CLANG_WARN_SUSPICIOUS_MOVES = YES;
				CLANG_WARN_UNREACHABLE_CODE = YES;
				CLANG_WARN__DUPLICATE_METHOD_MATCH = YES;
				"CODE_SIGN_IDENTITY[sdk=iphoneos*]" = "iPhone Developer";
				COPY_PHASE_STRIP = NO;
				CURRENT_PROJECT_VERSION = 1;
				DEBUG_INFORMATION_FORMAT = "dwarf-with-dsym";
				ENABLE_NS_ASSERTIONS = NO;
				ENABLE_STRICT_OBJC_MSGSEND = YES;
				GCC_C_LANGUAGE_STANDARD = gnu99;
				GCC_NO_COMMON_BLOCKS = YES;
				GCC_WARN_64_TO_32_BIT_CONVERSION = YES;
				GCC_WARN_ABOUT_RETURN_TYPE = YES_ERROR;
				GCC_WARN_UNDECLARED_SELECTOR = YES;
				GCC_WARN_UNINITIALIZED_AUTOS = YES_AGGRESSIVE;
				GCC_WARN_UNUSED_FUNCTION = YES;
				GCC_WARN_UNUSED_VARIABLE = YES;
				IPHONEOS_DEPLOYMENT_TARGET = 10.0;
				MTL_ENABLE_DEBUG_INFO = NO;
				SDKROOT = iphoneos;
				SWIFT_OPTIMIZATION_LEVEL = "-Owholemodule";
				TARGETED_DEVICE_FAMILY = "1,2";
				VALIDATE_PRODUCT = YES;
				VERSIONING_SYSTEM = "apple-generic";
				VERSION_INFO_PREFIX = "";
			};
			name = Release;
		};
		CDA62C0E1DB16999004BA66D /* Debug */ = {
			isa = XCBuildConfiguration;
			baseConfigurationReference = 46C4864E0BB6D37C684EF1B7 /* Pods-AutoGraph.debug.xcconfig */;
			buildSettings = {
				ALWAYS_EMBED_SWIFT_STANDARD_LIBRARIES = "$(inherited)";
				CLANG_ENABLE_MODULES = YES;
				CLANG_ENABLE_MODULE_DEBUGGING = YES;
				CODE_SIGN_IDENTITY = "";
				DEFINES_MODULE = YES;
				DYLIB_COMPATIBILITY_VERSION = 1;
				DYLIB_CURRENT_VERSION = 1;
				DYLIB_INSTALL_NAME_BASE = "@rpath";
				FRAMEWORK_SEARCH_PATHS = "$(inherited)";
				INFOPLIST_FILE = AutoGraph/Info.plist;
				INSTALL_PATH = "$(LOCAL_LIBRARY_DIR)/Frameworks";
				LD_RUNPATH_SEARCH_PATHS = "$(inherited) @executable_path/Frameworks @loader_path/Frameworks";
				PRODUCT_BUNDLE_IDENTIFIER = Remind.AutoGraph;
				PRODUCT_NAME = "$(TARGET_NAME)";
				SKIP_INSTALL = YES;
				SWIFT_OPTIMIZATION_LEVEL = "-Onone";
				SWIFT_VERSION = 3.0.1;
			};
			name = Debug;
		};
		CDA62C0F1DB16999004BA66D /* Release */ = {
			isa = XCBuildConfiguration;
			baseConfigurationReference = 4F0E467203B1F2B77F41B678 /* Pods-AutoGraph.release.xcconfig */;
			buildSettings = {
				ALWAYS_EMBED_SWIFT_STANDARD_LIBRARIES = "$(inherited)";
				CLANG_ENABLE_MODULES = YES;
				CLANG_ENABLE_MODULE_DEBUGGING = YES;
				CODE_SIGN_IDENTITY = "";
				DEFINES_MODULE = YES;
				DYLIB_COMPATIBILITY_VERSION = 1;
				DYLIB_CURRENT_VERSION = 1;
				DYLIB_INSTALL_NAME_BASE = "@rpath";
				FRAMEWORK_SEARCH_PATHS = "$(inherited)";
				INFOPLIST_FILE = AutoGraph/Info.plist;
				INSTALL_PATH = "$(LOCAL_LIBRARY_DIR)/Frameworks";
				LD_RUNPATH_SEARCH_PATHS = "$(inherited) @executable_path/Frameworks @loader_path/Frameworks";
				PRODUCT_BUNDLE_IDENTIFIER = Remind.AutoGraph;
				PRODUCT_NAME = "$(TARGET_NAME)";
				SKIP_INSTALL = YES;
				SWIFT_VERSION = 3.0.1;
			};
			name = Release;
		};
		CDA62C111DB16999004BA66D /* Debug */ = {
			isa = XCBuildConfiguration;
			baseConfigurationReference = 5420221E40BA8E3E4804AC27 /* Pods-AutoGraph-AutoGraphTests.debug.xcconfig */;
			buildSettings = {
				ALWAYS_EMBED_SWIFT_STANDARD_LIBRARIES = "$(inherited)";
				CLANG_ENABLE_MODULES = YES;
				CLANG_ENABLE_MODULE_DEBUGGING = YES;
				FRAMEWORK_SEARCH_PATHS = (
					"$(inherited)",
					"$(PROJECT_DIR)",
					"$(DEVELOPER_FRAMEWORKS_DIR)",
				);
				HEADER_SEARCH_PATHS = (
					"\"$(inherited)\"",
					"\"$(CONFIGURATION_TEMP_DIR)/$(PROJECT_NAME).build/DerivedSources\"",
				);
				INFOPLIST_FILE = AutoGraphTests/Info.plist;
				LD_RUNPATH_SEARCH_PATHS = "$(inherited) @executable_path/Frameworks @loader_path/Frameworks";
				PRODUCT_BUNDLE_IDENTIFIER = Remind.AutoGraphTests;
				PRODUCT_NAME = "$(TARGET_NAME)";
				SWIFT_OBJC_BRIDGING_HEADER = "AutoGraphTests/AutoGraphTests-Bridging-Header.h";
				SWIFT_OPTIMIZATION_LEVEL = "-Onone";
				SWIFT_VERSION = 3.0.1;
			};
			name = Debug;
		};
		CDA62C121DB16999004BA66D /* Release */ = {
			isa = XCBuildConfiguration;
			baseConfigurationReference = 963F35AAE93DAC9E902B118F /* Pods-AutoGraph-AutoGraphTests.release.xcconfig */;
			buildSettings = {
				ALWAYS_EMBED_SWIFT_STANDARD_LIBRARIES = "$(inherited)";
				CLANG_ENABLE_MODULES = YES;
				CLANG_ENABLE_MODULE_DEBUGGING = YES;
				FRAMEWORK_SEARCH_PATHS = (
					"$(inherited)",
					"$(PROJECT_DIR)",
					"$(DEVELOPER_FRAMEWORKS_DIR)",
				);
				HEADER_SEARCH_PATHS = (
					"\"$(inherited)\"",
					"\"$(CONFIGURATION_TEMP_DIR)/$(PROJECT_NAME).build/DerivedSources\"",
				);
				INFOPLIST_FILE = AutoGraphTests/Info.plist;
				LD_RUNPATH_SEARCH_PATHS = "$(inherited) @executable_path/Frameworks @loader_path/Frameworks";
				PRODUCT_BUNDLE_IDENTIFIER = Remind.AutoGraphTests;
				PRODUCT_NAME = "$(TARGET_NAME)";
				SWIFT_OBJC_BRIDGING_HEADER = "AutoGraphTests/AutoGraphTests-Bridging-Header.h";
				SWIFT_VERSION = 3.0.1;
			};
			name = Release;
		};
		CDA62C2D1DB69ADE004BA66D /* Debug */ = {
			isa = XCBuildConfiguration;
			baseConfigurationReference = 68BA57291B4A9A6EDAC19E5D /* Pods-QueryBuilder.debug.xcconfig */;
			buildSettings = {
				ALWAYS_EMBED_SWIFT_STANDARD_LIBRARIES = "$(inherited)";
				CLANG_ENABLE_MODULES = YES;
				CODE_SIGN_IDENTITY = "";
				DEFINES_MODULE = YES;
				DYLIB_COMPATIBILITY_VERSION = 1;
				DYLIB_CURRENT_VERSION = 1;
				DYLIB_INSTALL_NAME_BASE = "@rpath";
				INFOPLIST_FILE = QueryBuilder/Info.plist;
				INSTALL_PATH = "$(LOCAL_LIBRARY_DIR)/Frameworks";
				LD_RUNPATH_SEARCH_PATHS = "$(inherited) @executable_path/Frameworks @loader_path/Frameworks";
				PRODUCT_BUNDLE_IDENTIFIER = Remind.QueryBuilder;
				PRODUCT_NAME = "$(TARGET_NAME)";
				SKIP_INSTALL = YES;
				SWIFT_OPTIMIZATION_LEVEL = "-Onone";
				SWIFT_VERSION = 3.0.1;
			};
			name = Debug;
		};
		CDA62C2E1DB69ADE004BA66D /* Release */ = {
			isa = XCBuildConfiguration;
			baseConfigurationReference = B24FAB69B04F19E707A8E68E /* Pods-QueryBuilder.release.xcconfig */;
			buildSettings = {
				ALWAYS_EMBED_SWIFT_STANDARD_LIBRARIES = "$(inherited)";
				CLANG_ENABLE_MODULES = YES;
				CODE_SIGN_IDENTITY = "";
				DEFINES_MODULE = YES;
				DYLIB_COMPATIBILITY_VERSION = 1;
				DYLIB_CURRENT_VERSION = 1;
				DYLIB_INSTALL_NAME_BASE = "@rpath";
				INFOPLIST_FILE = QueryBuilder/Info.plist;
				INSTALL_PATH = "$(LOCAL_LIBRARY_DIR)/Frameworks";
				LD_RUNPATH_SEARCH_PATHS = "$(inherited) @executable_path/Frameworks @loader_path/Frameworks";
				PRODUCT_BUNDLE_IDENTIFIER = Remind.QueryBuilder;
				PRODUCT_NAME = "$(TARGET_NAME)";
				SKIP_INSTALL = YES;
				SWIFT_VERSION = 3.0.1;
			};
			name = Release;
		};
		CDA62C301DB69ADE004BA66D /* Debug */ = {
			isa = XCBuildConfiguration;
			baseConfigurationReference = D4EF0EBB7CF7BFE7A843B4F0 /* Pods-QueryBuilder-QueryBuilderTests.debug.xcconfig */;
			buildSettings = {
				ALWAYS_EMBED_SWIFT_STANDARD_LIBRARIES = "$(inherited)";
				INFOPLIST_FILE = QueryBuilderTests/Info.plist;
				LD_RUNPATH_SEARCH_PATHS = "$(inherited) @executable_path/Frameworks @loader_path/Frameworks";
				PRODUCT_BUNDLE_IDENTIFIER = Remind.QueryBuilderTests;
				PRODUCT_NAME = "$(TARGET_NAME)";
				SWIFT_VERSION = 3.0.1;
			};
			name = Debug;
		};
		CDA62C311DB69ADE004BA66D /* Release */ = {
			isa = XCBuildConfiguration;
			baseConfigurationReference = 0264D743B7EDB3CFDEBEC994 /* Pods-QueryBuilder-QueryBuilderTests.release.xcconfig */;
			buildSettings = {
				ALWAYS_EMBED_SWIFT_STANDARD_LIBRARIES = "$(inherited)";
				INFOPLIST_FILE = QueryBuilderTests/Info.plist;
				LD_RUNPATH_SEARCH_PATHS = "$(inherited) @executable_path/Frameworks @loader_path/Frameworks";
				PRODUCT_BUNDLE_IDENTIFIER = Remind.QueryBuilderTests;
				PRODUCT_NAME = "$(TARGET_NAME)";
				SWIFT_VERSION = 3.0.1;
			};
			name = Release;
		};
/* End XCBuildConfiguration section */

/* Begin XCConfigurationList section */
		CDA62BF31DB16998004BA66D /* Build configuration list for PBXProject "AutoGraph" */ = {
			isa = XCConfigurationList;
			buildConfigurations = (
				CDA62C0B1DB16999004BA66D /* Debug */,
				CDA62C0C1DB16999004BA66D /* Release */,
			);
			defaultConfigurationIsVisible = 0;
			defaultConfigurationName = Release;
		};
		CDA62C0D1DB16999004BA66D /* Build configuration list for PBXNativeTarget "AutoGraph" */ = {
			isa = XCConfigurationList;
			buildConfigurations = (
				CDA62C0E1DB16999004BA66D /* Debug */,
				CDA62C0F1DB16999004BA66D /* Release */,
			);
			defaultConfigurationIsVisible = 0;
			defaultConfigurationName = Release;
		};
		CDA62C101DB16999004BA66D /* Build configuration list for PBXNativeTarget "AutoGraphTests" */ = {
			isa = XCConfigurationList;
			buildConfigurations = (
				CDA62C111DB16999004BA66D /* Debug */,
				CDA62C121DB16999004BA66D /* Release */,
			);
			defaultConfigurationIsVisible = 0;
			defaultConfigurationName = Release;
		};
		CDA62C2C1DB69ADE004BA66D /* Build configuration list for PBXNativeTarget "QueryBuilder" */ = {
			isa = XCConfigurationList;
			buildConfigurations = (
				CDA62C2D1DB69ADE004BA66D /* Debug */,
				CDA62C2E1DB69ADE004BA66D /* Release */,
			);
			defaultConfigurationIsVisible = 0;
			defaultConfigurationName = Release;
		};
		CDA62C2F1DB69ADE004BA66D /* Build configuration list for PBXNativeTarget "QueryBuilderTests" */ = {
			isa = XCConfigurationList;
			buildConfigurations = (
				CDA62C301DB69ADE004BA66D /* Debug */,
				CDA62C311DB69ADE004BA66D /* Release */,
			);
			defaultConfigurationIsVisible = 0;
			defaultConfigurationName = Release;
		};
/* End XCConfigurationList section */
	};
	rootObject = CDA62BF01DB16998004BA66D /* Project object */;
}
